// !$*UTF8*$!
{
	archiveVersion = 1;
	classes = {
	};
	objectVersion = 50;
	objects = {

/* Begin PBXBuildFile section */
		CC0D99CE25C194C0000B37ED /* SwiftUIExampleAppApp.swift in Sources */ = {isa = PBXBuildFile; fileRef = CC0D99CD25C194C0000B37ED /* SwiftUIExampleAppApp.swift */; };
		CC0D99D025C194C0000B37ED /* ContentView.swift in Sources */ = {isa = PBXBuildFile; fileRef = CC0D99CF25C194C0000B37ED /* ContentView.swift */; };
		CC0D99D225C194C6000B37ED /* Assets.xcassets in Resources */ = {isa = PBXBuildFile; fileRef = CC0D99D125C194C6000B37ED /* Assets.xcassets */; };
		CC0D99D525C194C6000B37ED /* Preview Assets.xcassets in Resources */ = {isa = PBXBuildFile; fileRef = CC0D99D425C194C6000B37ED /* Preview Assets.xcassets */; };
		CC0D99E025C194C7000B37ED /* SwiftUIExampleAppTests.swift in Sources */ = {isa = PBXBuildFile; fileRef = CC0D99DF25C194C7000B37ED /* SwiftUIExampleAppTests.swift */; };
		CC0D99EB25C194C7000B37ED /* SwiftUIExampleAppUITests.swift in Sources */ = {isa = PBXBuildFile; fileRef = CC0D99EA25C194C7000B37ED /* SwiftUIExampleAppUITests.swift */; };
		CC0D9A4C25C2EB34000B37ED /* PartnerThumbnailView.swift in Sources */ = {isa = PBXBuildFile; fileRef = CC0D9A4B25C2EB34000B37ED /* PartnerThumbnailView.swift */; };
		CCE4DE9325C677CC0014CE27 /* PartnerDescriptionView.swift in Sources */ = {isa = PBXBuildFile; fileRef = CCE4DE9225C677CC0014CE27 /* PartnerDescriptionView.swift */; };
/* End PBXBuildFile section */

/* Begin PBXContainerItemProxy section */
		CC0D99DC25C194C7000B37ED /* PBXContainerItemProxy */ = {
			isa = PBXContainerItemProxy;
			containerPortal = CC0D99C225C194C0000B37ED /* Project object */;
			proxyType = 1;
			remoteGlobalIDString = CC0D99C925C194C0000B37ED;
			remoteInfo = SwiftUIExampleApp;
		};
		CC0D99E725C194C7000B37ED /* PBXContainerItemProxy */ = {
			isa = PBXContainerItemProxy;
			containerPortal = CC0D99C225C194C0000B37ED /* Project object */;
			proxyType = 1;
			remoteGlobalIDString = CC0D99C925C194C0000B37ED;
			remoteInfo = SwiftUIExampleApp;
		};
/* End PBXContainerItemProxy section */

/* Begin PBXFileReference section */
		CC0D99CA25C194C0000B37ED /* SwiftUIExampleApp.app */ = {isa = PBXFileReference; explicitFileType = wrapper.application; includeInIndex = 0; path = SwiftUIExampleApp.app; sourceTree = BUILT_PRODUCTS_DIR; };
		CC0D99CD25C194C0000B37ED /* SwiftUIExampleAppApp.swift */ = {isa = PBXFileReference; lastKnownFileType = sourcecode.swift; path = SwiftUIExampleAppApp.swift; sourceTree = "<group>"; };
		CC0D99CF25C194C0000B37ED /* ContentView.swift */ = {isa = PBXFileReference; lastKnownFileType = sourcecode.swift; path = ContentView.swift; sourceTree = "<group>"; };
		CC0D99D125C194C6000B37ED /* Assets.xcassets */ = {isa = PBXFileReference; lastKnownFileType = folder.assetcatalog; path = Assets.xcassets; sourceTree = "<group>"; };
		CC0D99D425C194C6000B37ED /* Preview Assets.xcassets */ = {isa = PBXFileReference; lastKnownFileType = folder.assetcatalog; path = "Preview Assets.xcassets"; sourceTree = "<group>"; };
		CC0D99D625C194C6000B37ED /* Info.plist */ = {isa = PBXFileReference; lastKnownFileType = text.plist.xml; path = Info.plist; sourceTree = "<group>"; };
		CC0D99DB25C194C7000B37ED /* SwiftUIExampleAppTests.xctest */ = {isa = PBXFileReference; explicitFileType = wrapper.cfbundle; includeInIndex = 0; path = SwiftUIExampleAppTests.xctest; sourceTree = BUILT_PRODUCTS_DIR; };
		CC0D99DF25C194C7000B37ED /* SwiftUIExampleAppTests.swift */ = {isa = PBXFileReference; lastKnownFileType = sourcecode.swift; path = SwiftUIExampleAppTests.swift; sourceTree = "<group>"; };
		CC0D99E125C194C7000B37ED /* Info.plist */ = {isa = PBXFileReference; lastKnownFileType = text.plist.xml; path = Info.plist; sourceTree = "<group>"; };
		CC0D99E625C194C7000B37ED /* SwiftUIExampleAppUITests.xctest */ = {isa = PBXFileReference; explicitFileType = wrapper.cfbundle; includeInIndex = 0; path = SwiftUIExampleAppUITests.xctest; sourceTree = BUILT_PRODUCTS_DIR; };
		CC0D99EA25C194C7000B37ED /* SwiftUIExampleAppUITests.swift */ = {isa = PBXFileReference; lastKnownFileType = sourcecode.swift; path = SwiftUIExampleAppUITests.swift; sourceTree = "<group>"; };
		CC0D99EC25C194C7000B37ED /* Info.plist */ = {isa = PBXFileReference; lastKnownFileType = text.plist.xml; path = Info.plist; sourceTree = "<group>"; };
		CC0D9A4B25C2EB34000B37ED /* PartnerThumbnailView.swift */ = {isa = PBXFileReference; lastKnownFileType = sourcecode.swift; path = PartnerThumbnailView.swift; sourceTree = "<group>"; };
		CCE4DE9225C677CC0014CE27 /* PartnerDescriptionView.swift */ = {isa = PBXFileReference; lastKnownFileType = sourcecode.swift; path = PartnerDescriptionView.swift; sourceTree = "<group>"; };
/* End PBXFileReference section */

/* Begin PBXFrameworksBuildPhase section */
		CC0D99C725C194C0000B37ED /* Frameworks */ = {
			isa = PBXFrameworksBuildPhase;
			buildActionMask = 2147483647;
			files = (
			);
			runOnlyForDeploymentPostprocessing = 0;
		};
		CC0D99D825C194C7000B37ED /* Frameworks */ = {
			isa = PBXFrameworksBuildPhase;
			buildActionMask = 2147483647;
			files = (
			);
			runOnlyForDeploymentPostprocessing = 0;
		};
		CC0D99E325C194C7000B37ED /* Frameworks */ = {
			isa = PBXFrameworksBuildPhase;
			buildActionMask = 2147483647;
			files = (
			);
			runOnlyForDeploymentPostprocessing = 0;
		};
/* End PBXFrameworksBuildPhase section */

/* Begin PBXGroup section */
		CC0D99C125C194C0000B37ED = {
			isa = PBXGroup;
			children = (
				CC0D99CC25C194C0000B37ED /* SwiftUIExampleApp */,
				CC0D99DE25C194C7000B37ED /* SwiftUIExampleAppTests */,
				CC0D99E925C194C7000B37ED /* SwiftUIExampleAppUITests */,
				CC0D99CB25C194C0000B37ED /* Products */,
			);
			sourceTree = "<group>";
		};
		CC0D99CB25C194C0000B37ED /* Products */ = {
			isa = PBXGroup;
			children = (
				CC0D99CA25C194C0000B37ED /* SwiftUIExampleApp.app */,
				CC0D99DB25C194C7000B37ED /* SwiftUIExampleAppTests.xctest */,
				CC0D99E625C194C7000B37ED /* SwiftUIExampleAppUITests.xctest */,
			);
			name = Products;
			sourceTree = "<group>";
		};
		CC0D99CC25C194C0000B37ED /* SwiftUIExampleApp */ = {
			isa = PBXGroup;
			children = (
				CC0D99CD25C194C0000B37ED /* SwiftUIExampleAppApp.swift */,
				CC0D99CF25C194C0000B37ED /* ContentView.swift */,
				CC0D99D125C194C6000B37ED /* Assets.xcassets */,
				CC0D99D625C194C6000B37ED /* Info.plist */,
				CC0D99D325C194C6000B37ED /* Preview Content */,
				CC0D9A4B25C2EB34000B37ED /* PartnerThumbnailView.swift */,
				CCE4DE9225C677CC0014CE27 /* PartnerDescriptionView.swift */,
			);
			path = SwiftUIExampleApp;
			sourceTree = "<group>";
		};
		CC0D99D325C194C6000B37ED /* Preview Content */ = {
			isa = PBXGroup;
			children = (
				CC0D99D425C194C6000B37ED /* Preview Assets.xcassets */,
			);
			path = "Preview Content";
			sourceTree = "<group>";
		};
		CC0D99DE25C194C7000B37ED /* SwiftUIExampleAppTests */ = {
			isa = PBXGroup;
			children = (
				CC0D99DF25C194C7000B37ED /* SwiftUIExampleAppTests.swift */,
				CC0D99E125C194C7000B37ED /* Info.plist */,
			);
			path = SwiftUIExampleAppTests;
			sourceTree = "<group>";
		};
		CC0D99E925C194C7000B37ED /* SwiftUIExampleAppUITests */ = {
			isa = PBXGroup;
			children = (
				CC0D99EA25C194C7000B37ED /* SwiftUIExampleAppUITests.swift */,
				CC0D99EC25C194C7000B37ED /* Info.plist */,
			);
			path = SwiftUIExampleAppUITests;
			sourceTree = "<group>";
		};
/* End PBXGroup section */

/* Begin PBXNativeTarget section */
		CC0D99C925C194C0000B37ED /* SwiftUIExampleApp */ = {
			isa = PBXNativeTarget;
			buildConfigurationList = CC0D99EF25C194C7000B37ED /* Build configuration list for PBXNativeTarget "SwiftUIExampleApp" */;
			buildPhases = (
				CC0D99C625C194C0000B37ED /* Sources */,
				CC0D99C725C194C0000B37ED /* Frameworks */,
				CC0D99C825C194C0000B37ED /* Resources */,
			);
			buildRules = (
			);
			dependencies = (
			);
			name = SwiftUIExampleApp;
			productName = SwiftUIExampleApp;
			productReference = CC0D99CA25C194C0000B37ED /* SwiftUIExampleApp.app */;
			productType = "com.apple.product-type.application";
		};
		CC0D99DA25C194C7000B37ED /* SwiftUIExampleAppTests */ = {
			isa = PBXNativeTarget;
			buildConfigurationList = CC0D99F225C194C7000B37ED /* Build configuration list for PBXNativeTarget "SwiftUIExampleAppTests" */;
			buildPhases = (
				CC0D99D725C194C7000B37ED /* Sources */,
				CC0D99D825C194C7000B37ED /* Frameworks */,
				CC0D99D925C194C7000B37ED /* Resources */,
			);
			buildRules = (
			);
			dependencies = (
				CC0D99DD25C194C7000B37ED /* PBXTargetDependency */,
			);
			name = SwiftUIExampleAppTests;
			productName = SwiftUIExampleAppTests;
			productReference = CC0D99DB25C194C7000B37ED /* SwiftUIExampleAppTests.xctest */;
			productType = "com.apple.product-type.bundle.unit-test";
		};
		CC0D99E525C194C7000B37ED /* SwiftUIExampleAppUITests */ = {
			isa = PBXNativeTarget;
			buildConfigurationList = CC0D99F525C194C7000B37ED /* Build configuration list for PBXNativeTarget "SwiftUIExampleAppUITests" */;
			buildPhases = (
				CC0D99E225C194C7000B37ED /* Sources */,
				CC0D99E325C194C7000B37ED /* Frameworks */,
				CC0D99E425C194C7000B37ED /* Resources */,
			);
			buildRules = (
			);
			dependencies = (
				CC0D99E825C194C7000B37ED /* PBXTargetDependency */,
			);
			name = SwiftUIExampleAppUITests;
			productName = SwiftUIExampleAppUITests;
			productReference = CC0D99E625C194C7000B37ED /* SwiftUIExampleAppUITests.xctest */;
			productType = "com.apple.product-type.bundle.ui-testing";
		};
/* End PBXNativeTarget section */

/* Begin PBXProject section */
		CC0D99C225C194C0000B37ED /* Project object */ = {
			isa = PBXProject;
			attributes = {
				LastSwiftUpdateCheck = 1210;
				LastUpgradeCheck = 1210;
				TargetAttributes = {
					CC0D99C925C194C0000B37ED = {
						CreatedOnToolsVersion = 12.1;
					};
					CC0D99DA25C194C7000B37ED = {
						CreatedOnToolsVersion = 12.1;
						TestTargetID = CC0D99C925C194C0000B37ED;
					};
					CC0D99E525C194C7000B37ED = {
						CreatedOnToolsVersion = 12.1;
						TestTargetID = CC0D99C925C194C0000B37ED;
					};
				};
			};
			buildConfigurationList = CC0D99C525C194C0000B37ED /* Build configuration list for PBXProject "SwiftUIExampleApp" */;
			compatibilityVersion = "Xcode 9.3";
			developmentRegion = en;
			hasScannedForEncodings = 0;
			knownRegions = (
				en,
				Base,
			);
			mainGroup = CC0D99C125C194C0000B37ED;
			productRefGroup = CC0D99CB25C194C0000B37ED /* Products */;
			projectDirPath = "";
			projectRoot = "";
			targets = (
				CC0D99C925C194C0000B37ED /* SwiftUIExampleApp */,
				CC0D99DA25C194C7000B37ED /* SwiftUIExampleAppTests */,
				CC0D99E525C194C7000B37ED /* SwiftUIExampleAppUITests */,
			);
		};
/* End PBXProject section */

/* Begin PBXResourcesBuildPhase section */
		CC0D99C825C194C0000B37ED /* Resources */ = {
			isa = PBXResourcesBuildPhase;
			buildActionMask = 2147483647;
			files = (
				CC0D99D525C194C6000B37ED /* Preview Assets.xcassets in Resources */,
				CC0D99D225C194C6000B37ED /* Assets.xcassets in Resources */,
			);
			runOnlyForDeploymentPostprocessing = 0;
		};
		CC0D99D925C194C7000B37ED /* Resources */ = {
			isa = PBXResourcesBuildPhase;
			buildActionMask = 2147483647;
			files = (
			);
			runOnlyForDeploymentPostprocessing = 0;
		};
		CC0D99E425C194C7000B37ED /* Resources */ = {
			isa = PBXResourcesBuildPhase;
			buildActionMask = 2147483647;
			files = (
			);
			runOnlyForDeploymentPostprocessing = 0;
		};
/* End PBXResourcesBuildPhase section */

/* Begin PBXSourcesBuildPhase section */
		CC0D99C625C194C0000B37ED /* Sources */ = {
			isa = PBXSourcesBuildPhase;
			buildActionMask = 2147483647;
			files = (
				CC0D99D025C194C0000B37ED /* ContentView.swift in Sources */,
				CC0D99CE25C194C0000B37ED /* SwiftUIExampleAppApp.swift in Sources */,
				CCE4DE9325C677CC0014CE27 /* PartnerDescriptionView.swift in Sources */,
				CC0D9A4C25C2EB34000B37ED /* PartnerThumbnailView.swift in Sources */,
			);
			runOnlyForDeploymentPostprocessing = 0;
		};
		CC0D99D725C194C7000B37ED /* Sources */ = {
			isa = PBXSourcesBuildPhase;
			buildActionMask = 2147483647;
			files = (
				CC0D99E025C194C7000B37ED /* SwiftUIExampleAppTests.swift in Sources */,
			);
			runOnlyForDeploymentPostprocessing = 0;
		};
		CC0D99E225C194C7000B37ED /* Sources */ = {
			isa = PBXSourcesBuildPhase;
			buildActionMask = 2147483647;
			files = (
				CC0D99EB25C194C7000B37ED /* SwiftUIExampleAppUITests.swift in Sources */,
			);
			runOnlyForDeploymentPostprocessing = 0;
		};
/* End PBXSourcesBuildPhase section */

/* Begin PBXTargetDependency section */
		CC0D99DD25C194C7000B37ED /* PBXTargetDependency */ = {
			isa = PBXTargetDependency;
			target = CC0D99C925C194C0000B37ED /* SwiftUIExampleApp */;
			targetProxy = CC0D99DC25C194C7000B37ED /* PBXContainerItemProxy */;
		};
		CC0D99E825C194C7000B37ED /* PBXTargetDependency */ = {
			isa = PBXTargetDependency;
			target = CC0D99C925C194C0000B37ED /* SwiftUIExampleApp */;
			targetProxy = CC0D99E725C194C7000B37ED /* PBXContainerItemProxy */;
		};
/* End PBXTargetDependency section */

/* Begin XCBuildConfiguration section */
		CC0D99ED25C194C7000B37ED /* Debug */ = {
			isa = XCBuildConfiguration;
			buildSettings = {
				ALWAYS_SEARCH_USER_PATHS = NO;
				CLANG_ANALYZER_NONNULL = YES;
				CLANG_ANALYZER_NUMBER_OBJECT_CONVERSION = YES_AGGRESSIVE;
				CLANG_CXX_LANGUAGE_STANDARD = "gnu++14";
				CLANG_CXX_LIBRARY = "libc++";
				CLANG_ENABLE_MODULES = YES;
				CLANG_ENABLE_OBJC_ARC = YES;
				CLANG_ENABLE_OBJC_WEAK = YES;
				CLANG_WARN_BLOCK_CAPTURE_AUTORELEASING = YES;
				CLANG_WARN_BOOL_CONVERSION = YES;
				CLANG_WARN_COMMA = YES;
				CLANG_WARN_CONSTANT_CONVERSION = YES;
				CLANG_WARN_DEPRECATED_OBJC_IMPLEMENTATIONS = YES;
				CLANG_WARN_DIRECT_OBJC_ISA_USAGE = YES_ERROR;
				CLANG_WARN_DOCUMENTATION_COMMENTS = YES;
				CLANG_WARN_EMPTY_BODY = YES;
				CLANG_WARN_ENUM_CONVERSION = YES;
				CLANG_WARN_INFINITE_RECURSION = YES;
				CLANG_WARN_INT_CONVERSION = YES;
				CLANG_WARN_NON_LITERAL_NULL_CONVERSION = YES;
				CLANG_WARN_OBJC_IMPLICIT_RETAIN_SELF = YES;
				CLANG_WARN_OBJC_LITERAL_CONVERSION = YES;
				CLANG_WARN_OBJC_ROOT_CLASS = YES_ERROR;
				CLANG_WARN_QUOTED_INCLUDE_IN_FRAMEWORK_HEADER = YES;
				CLANG_WARN_RANGE_LOOP_ANALYSIS = YES;
				CLANG_WARN_STRICT_PROTOTYPES = YES;
				CLANG_WARN_SUSPICIOUS_MOVE = YES;
				CLANG_WARN_UNGUARDED_AVAILABILITY = YES_AGGRESSIVE;
				CLANG_WARN_UNREACHABLE_CODE = YES;
				CLANG_WARN__DUPLICATE_METHOD_MATCH = YES;
				COPY_PHASE_STRIP = NO;
				DEBUG_INFORMATION_FORMAT = dwarf;
				ENABLE_STRICT_OBJC_MSGSEND = YES;
				ENABLE_TESTABILITY = YES;
				GCC_C_LANGUAGE_STANDARD = gnu11;
				GCC_DYNAMIC_NO_PIC = NO;
				GCC_NO_COMMON_BLOCKS = YES;
				GCC_OPTIMIZATION_LEVEL = 0;
				GCC_PREPROCESSOR_DEFINITIONS = (
					"DEBUG=1",
					"$(inherited)",
				);
				GCC_WARN_64_TO_32_BIT_CONVERSION = YES;
				GCC_WARN_ABOUT_RETURN_TYPE = YES_ERROR;
				GCC_WARN_UNDECLARED_SELECTOR = YES;
				GCC_WARN_UNINITIALIZED_AUTOS = YES_AGGRESSIVE;
				GCC_WARN_UNUSED_FUNCTION = YES;
				GCC_WARN_UNUSED_VARIABLE = YES;
				IPHONEOS_DEPLOYMENT_TARGET = 14.1;
				MTL_ENABLE_DEBUG_INFO = INCLUDE_SOURCE;
				MTL_FAST_MATH = YES;
				ONLY_ACTIVE_ARCH = YES;
				SDKROOT = iphoneos;
				SWIFT_ACTIVE_COMPILATION_CONDITIONS = DEBUG;
				SWIFT_OPTIMIZATION_LEVEL = "-Onone";
			};
			name = Debug;
		};
		CC0D99EE25C194C7000B37ED /* Release */ = {
			isa = XCBuildConfiguration;
			buildSettings = {
				ALWAYS_SEARCH_USER_PATHS = NO;
				CLANG_ANALYZER_NONNULL = YES;
				CLANG_ANALYZER_NUMBER_OBJECT_CONVERSION = YES_AGGRESSIVE;
				CLANG_CXX_LANGUAGE_STANDARD = "gnu++14";
				CLANG_CXX_LIBRARY = "libc++";
				CLANG_ENABLE_MODULES = YES;
				CLANG_ENABLE_OBJC_ARC = YES;
				CLANG_ENABLE_OBJC_WEAK = YES;
				CLANG_WARN_BLOCK_CAPTURE_AUTORELEASING = YES;
				CLANG_WARN_BOOL_CONVERSION = YES;
				CLANG_WARN_COMMA = YES;
				CLANG_WARN_CONSTANT_CONVERSION = YES;
				CLANG_WARN_DEPRECATED_OBJC_IMPLEMENTATIONS = YES;
				CLANG_WARN_DIRECT_OBJC_ISA_USAGE = YES_ERROR;
				CLANG_WARN_DOCUMENTATION_COMMENTS = YES;
				CLANG_WARN_EMPTY_BODY = YES;
				CLANG_WARN_ENUM_CONVERSION = YES;
				CLANG_WARN_INFINITE_RECURSION = YES;
				CLANG_WARN_INT_CONVERSION = YES;
				CLANG_WARN_NON_LITERAL_NULL_CONVERSION = YES;
				CLANG_WARN_OBJC_IMPLICIT_RETAIN_SELF = YES;
				CLANG_WARN_OBJC_LITERAL_CONVERSION = YES;
				CLANG_WARN_OBJC_ROOT_CLASS = YES_ERROR;
				CLANG_WARN_QUOTED_INCLUDE_IN_FRAMEWORK_HEADER = YES;
				CLANG_WARN_RANGE_LOOP_ANALYSIS = YES;
				CLANG_WARN_STRICT_PROTOTYPES = YES;
				CLANG_WARN_SUSPICIOUS_MOVE = YES;
				CLANG_WARN_UNGUARDED_AVAILABILITY = YES_AGGRESSIVE;
				CLANG_WARN_UNREACHABLE_CODE = YES;
				CLANG_WARN__DUPLICATE_METHOD_MATCH = YES;
				COPY_PHASE_STRIP = NO;
				DEBUG_INFORMATION_FORMAT = "dwarf-with-dsym";
				ENABLE_NS_ASSERTIONS = NO;
				ENABLE_STRICT_OBJC_MSGSEND = YES;
				GCC_C_LANGUAGE_STANDARD = gnu11;
				GCC_NO_COMMON_BLOCKS = YES;
				GCC_WARN_64_TO_32_BIT_CONVERSION = YES;
				GCC_WARN_ABOUT_RETURN_TYPE = YES_ERROR;
				GCC_WARN_UNDECLARED_SELECTOR = YES;
				GCC_WARN_UNINITIALIZED_AUTOS = YES_AGGRESSIVE;
				GCC_WARN_UNUSED_FUNCTION = YES;
				GCC_WARN_UNUSED_VARIABLE = YES;
				IPHONEOS_DEPLOYMENT_TARGET = 14.1;
				MTL_ENABLE_DEBUG_INFO = NO;
				MTL_FAST_MATH = YES;
				SDKROOT = iphoneos;
				SWIFT_COMPILATION_MODE = wholemodule;
				SWIFT_OPTIMIZATION_LEVEL = "-O";
				VALIDATE_PRODUCT = YES;
			};
			name = Release;
		};
		CC0D99F025C194C7000B37ED /* Debug */ = {
			isa = XCBuildConfiguration;
			buildSettings = {
				ASSETCATALOG_COMPILER_APPICON_NAME = AppIcon;
				ASSETCATALOG_COMPILER_GLOBAL_ACCENT_COLOR_NAME = AccentColor;
				CODE_SIGN_STYLE = Automatic;
				DEVELOPMENT_ASSET_PATHS = "\"SwiftUIExampleApp/Preview Content\"";
				ENABLE_PREVIEWS = YES;
				INFOPLIST_FILE = SwiftUIExampleApp/Info.plist;
				IPHONEOS_DEPLOYMENT_TARGET = 14.0;
				LD_RUNPATH_SEARCH_PATHS = (
					"$(inherited)",
					"@executable_path/Frameworks",
				);
				PRODUCT_BUNDLE_IDENTIFIER = ming.SwiftUIExampleApp;
				PRODUCT_NAME = "$(TARGET_NAME)";
				SWIFT_VERSION = 5.0;
				TARGETED_DEVICE_FAMILY = "1,2";
			};
			name = Debug;
		};
		CC0D99F125C194C7000B37ED /* Release */ = {
			isa = XCBuildConfiguration;
			buildSettings = {
				ASSETCATALOG_COMPILER_APPICON_NAME = AppIcon;
				ASSETCATALOG_COMPILER_GLOBAL_ACCENT_COLOR_NAME = AccentColor;
				CODE_SIGN_STYLE = Automatic;
				DEVELOPMENT_ASSET_PATHS = "\"SwiftUIExampleApp/Preview Content\"";
				ENABLE_PREVIEWS = YES;
				INFOPLIST_FILE = SwiftUIExampleApp/Info.plist;
				IPHONEOS_DEPLOYMENT_TARGET = 14.0;
				LD_RUNPATH_SEARCH_PATHS = (
					"$(inherited)",
					"@executable_path/Frameworks",
				);
				PRODUCT_BUNDLE_IDENTIFIER = ming.SwiftUIExampleApp;
				PRODUCT_NAME = "$(TARGET_NAME)";
				SWIFT_VERSION = 5.0;
				TARGETED_DEVICE_FAMILY = "1,2";
			};
			name = Release;
		};
		CC0D99F325C194C7000B37ED /* Debug */ = {
			isa = XCBuildConfiguration;
			buildSettings = {
				ALWAYS_EMBED_SWIFT_STANDARD_LIBRARIES = YES;
				BUNDLE_LOADER = "$(TEST_HOST)";
				CODE_SIGN_STYLE = Automatic;
				INFOPLIST_FILE = SwiftUIExampleAppTests/Info.plist;
				IPHONEOS_DEPLOYMENT_TARGET = 14.0;
				LD_RUNPATH_SEARCH_PATHS = (
					"$(inherited)",
					"@executable_path/Frameworks",
					"@loader_path/Frameworks",
				);
				PRODUCT_BUNDLE_IDENTIFIER = ming.SwiftUIExampleAppTests;
				PRODUCT_NAME = "$(TARGET_NAME)";
				SWIFT_VERSION = 5.0;
				TARGETED_DEVICE_FAMILY = "1,2";
				TEST_HOST = "$(BUILT_PRODUCTS_DIR)/SwiftUIExampleApp.app/SwiftUIExampleApp";
			};
			name = Debug;
		};
		CC0D99F425C194C7000B37ED /* Release */ = {
			isa = XCBuildConfiguration;
			buildSettings = {
				ALWAYS_EMBED_SWIFT_STANDARD_LIBRARIES = YES;
				BUNDLE_LOADER = "$(TEST_HOST)";
				CODE_SIGN_STYLE = Automatic;
				INFOPLIST_FILE = SwiftUIExampleAppTests/Info.plist;
				IPHONEOS_DEPLOYMENT_TARGET = 14.0;
				LD_RUNPATH_SEARCH_PATHS = (
					"$(inherited)",
					"@executable_path/Frameworks",
					"@loader_path/Frameworks",
				);
				PRODUCT_BUNDLE_IDENTIFIER = ming.SwiftUIExampleAppTests;
				PRODUCT_NAME = "$(TARGET_NAME)";
				SWIFT_VERSION = 5.0;
				TARGETED_DEVICE_FAMILY = "1,2";
				TEST_HOST = "$(BUILT_PRODUCTS_DIR)/SwiftUIExampleApp.app/SwiftUIExampleApp";
			};
			name = Release;
		};
		CC0D99F625C194C7000B37ED /* Debug */ = {
			isa = XCBuildConfiguration;
			buildSettings = {
				ALWAYS_EMBED_SWIFT_STANDARD_LIBRARIES = YES;
				CODE_SIGN_STYLE = Automatic;
				INFOPLIST_FILE = SwiftUIExampleAppUITests/Info.plist;
				LD_RUNPATH_SEARCH_PATHS = (
					"$(inherited)",
					"@executable_path/Frameworks",
					"@loader_path/Frameworks",
				);
				PRODUCT_BUNDLE_IDENTIFIER = ming.SwiftUIExampleAppUITests;
				PRODUCT_NAME = "$(TARGET_NAME)";
				SWIFT_VERSION = 5.0;
				TARGETED_DEVICE_FAMILY = "1,2";
				TEST_TARGET_NAME = SwiftUIExampleApp;
			};
			name = Debug;
		};
		CC0D99F725C194C7000B37ED /* Release */ = {
			isa = XCBuildConfiguration;
			buildSettings = {
				ALWAYS_EMBED_SWIFT_STANDARD_LIBRARIES = YES;
				CODE_SIGN_STYLE = Automatic;
				INFOPLIST_FILE = SwiftUIExampleAppUITests/Info.plist;
				LD_RUNPATH_SEARCH_PATHS = (
					"$(inherited)",
					"@executable_path/Frameworks",
					"@loader_path/Frameworks",
				);
				PRODUCT_BUNDLE_IDENTIFIER = ming.SwiftUIExampleAppUITests;
				PRODUCT_NAME = "$(TARGET_NAME)";
				SWIFT_VERSION = 5.0;
				TARGETED_DEVICE_FAMILY = "1,2";
				TEST_TARGET_NAME = SwiftUIExampleApp;
			};
			name = Release;
		};
/* End XCBuildConfiguration section */

/* Begin XCConfigurationList section */
		CC0D99C525C194C0000B37ED /* Build configuration list for PBXProject "SwiftUIExampleApp" */ = {
			isa = XCConfigurationList;
			buildConfigurations = (
				CC0D99ED25C194C7000B37ED /* Debug */,
				CC0D99EE25C194C7000B37ED /* Release */,
			);
			defaultConfigurationIsVisible = 0;
			defaultConfigurationName = Release;
		};
		CC0D99EF25C194C7000B37ED /* Build configuration list for PBXNativeTarget "SwiftUIExampleApp" */ = {
			isa = XCConfigurationList;
			buildConfigurations = (
				CC0D99F025C194C7000B37ED /* Debug */,
				CC0D99F125C194C7000B37ED /* Release */,
			);
			defaultConfigurationIsVisible = 0;
			defaultConfigurationName = Release;
		};
		CC0D99F225C194C7000B37ED /* Build configuration list for PBXNativeTarget "SwiftUIExampleAppTests" */ = {
			isa = XCConfigurationList;
			buildConfigurations = (
				CC0D99F325C194C7000B37ED /* Debug */,
				CC0D99F425C194C7000B37ED /* Release */,
			);
			defaultConfigurationIsVisible = 0;
			defaultConfigurationName = Release;
		};
		CC0D99F525C194C7000B37ED /* Build configuration list for PBXNativeTarget "SwiftUIExampleAppUITests" */ = {
			isa = XCConfigurationList;
			buildConfigurations = (
				CC0D99F625C194C7000B37ED /* Debug */,
				CC0D99F725C194C7000B37ED /* Release */,
			);
			defaultConfigurationIsVisible = 0;
			defaultConfigurationName = Release;
		};
/* End XCConfigurationList section */
	};
	rootObject = CC0D99C225C194C0000B37ED /* Project object */;
}
