// !$*UTF8*$!
{
	archiveVersion = 1;
	classes = {
	};
	objectVersion = 50;
	objects = {

/* Begin PBXBuildFile section */
		CC62FCC825862D3600ADCA00 /* CircleImage.swift in Sources */ = {isa = PBXBuildFile; fileRef = CC62FCC725862D3600ADCA00 /* CircleImage.swift */; };
		CC62FCF925877F4C00ADCA00 /* landmarkData.json in Resources */ = {isa = PBXBuildFile; fileRef = CC62FCF825877F4B00ADCA00 /* landmarkData.json */; };
		CC62FCFC25877F7700ADCA00 /* Landmark.swift in Sources */ = {isa = PBXBuildFile; fileRef = CC62FCFB25877F7700ADCA00 /* Landmark.swift */; };
		CC62FCFF2587836B00ADCA00 /* ModelData.swift in Sources */ = {isa = PBXBuildFile; fileRef = CC62FCFE2587836B00ADCA00 /* ModelData.swift */; };
		CCA7133C2585D25A00F1BE70 /* MapViewApp.swift in Sources */ = {isa = PBXBuildFile; fileRef = CCA7133B2585D25A00F1BE70 /* MapViewApp.swift */; };
		CCA7133E2585D25A00F1BE70 /* ContentView.swift in Sources */ = {isa = PBXBuildFile; fileRef = CCA7133D2585D25A00F1BE70 /* ContentView.swift */; };
		CCA713402585D26000F1BE70 /* Assets.xcassets in Resources */ = {isa = PBXBuildFile; fileRef = CCA7133F2585D26000F1BE70 /* Assets.xcassets */; };
		CCA713432585D26000F1BE70 /* Preview Assets.xcassets in Resources */ = {isa = PBXBuildFile; fileRef = CCA713422585D26000F1BE70 /* Preview Assets.xcassets */; };
		CCA7134C2585DA7200F1BE70 /* MapView.swift in Sources */ = {isa = PBXBuildFile; fileRef = CCA7134B2585DA7200F1BE70 /* MapView.swift */; };
/* End PBXBuildFile section */

/* Begin PBXFileReference section */
		CC62FCC725862D3600ADCA00 /* CircleImage.swift */ = {isa = PBXFileReference; fileEncoding = 4; lastKnownFileType = sourcecode.swift; path = CircleImage.swift; sourceTree = "<group>"; };
		CC62FCF825877F4B00ADCA00 /* landmarkData.json */ = {isa = PBXFileReference; fileEncoding = 4; lastKnownFileType = text.json; path = landmarkData.json; sourceTree = "<group>"; };
		CC62FCFB25877F7700ADCA00 /* Landmark.swift */ = {isa = PBXFileReference; lastKnownFileType = sourcecode.swift; path = Landmark.swift; sourceTree = "<group>"; };
		CC62FCFE2587836B00ADCA00 /* ModelData.swift */ = {isa = PBXFileReference; lastKnownFileType = sourcecode.swift; path = ModelData.swift; sourceTree = "<group>"; };
		CCA713382585D25A00F1BE70 /* MapView.app */ = {isa = PBXFileReference; explicitFileType = wrapper.application; includeInIndex = 0; path = MapView.app; sourceTree = BUILT_PRODUCTS_DIR; };
		CCA7133B2585D25A00F1BE70 /* MapViewApp.swift */ = {isa = PBXFileReference; lastKnownFileType = sourcecode.swift; path = MapViewApp.swift; sourceTree = "<group>"; };
		CCA7133D2585D25A00F1BE70 /* ContentView.swift */ = {isa = PBXFileReference; lastKnownFileType = sourcecode.swift; path = ContentView.swift; sourceTree = "<group>"; };
		CCA7133F2585D26000F1BE70 /* Assets.xcassets */ = {isa = PBXFileReference; lastKnownFileType = folder.assetcatalog; path = Assets.xcassets; sourceTree = "<group>"; };
		CCA713422585D26000F1BE70 /* Preview Assets.xcassets */ = {isa = PBXFileReference; lastKnownFileType = folder.assetcatalog; path = "Preview Assets.xcassets"; sourceTree = "<group>"; };
		CCA713442585D26000F1BE70 /* Info.plist */ = {isa = PBXFileReference; lastKnownFileType = text.plist.xml; path = Info.plist; sourceTree = "<group>"; };
		CCA7134B2585DA7200F1BE70 /* MapView.swift */ = {isa = PBXFileReference; lastKnownFileType = sourcecode.swift; path = MapView.swift; sourceTree = "<group>"; };
/* End PBXFileReference section */

/* Begin PBXFrameworksBuildPhase section */
		CCA713352585D25A00F1BE70 /* Frameworks */ = {
			isa = PBXFrameworksBuildPhase;
			buildActionMask = 2147483647;
			files = (
			);
			runOnlyForDeploymentPostprocessing = 0;
		};
/* End PBXFrameworksBuildPhase section */

/* Begin PBXGroup section */
		CC62FD0125878B0E00ADCA00 /* Views */ = {
			isa = PBXGroup;
			children = (
				CCA7134B2585DA7200F1BE70 /* MapView.swift */,
				CCA7133D2585D25A00F1BE70 /* ContentView.swift */,
				CC62FCC725862D3600ADCA00 /* CircleImage.swift */,
			);
			path = Views;
			sourceTree = "<group>";
		};
		CC62FD0225878B2C00ADCA00 /* Model */ = {
			isa = PBXGroup;
			children = (
				CC62FCFB25877F7700ADCA00 /* Landmark.swift */,
				CC62FCFE2587836B00ADCA00 /* ModelData.swift */,
			);
			path = Model;
			sourceTree = "<group>";
		};
		CC62FD0425878B4400ADCA00 /* Resources */ = {
			isa = PBXGroup;
			children = (
				CC62FCF825877F4B00ADCA00 /* landmarkData.json */,
			);
			path = Resources;
			sourceTree = "<group>";
		};
		CCA7132F2585D25A00F1BE70 = {
			isa = PBXGroup;
			children = (
				CCA7133A2585D25A00F1BE70 /* MapView */,
				CCA713392585D25A00F1BE70 /* Products */,
			);
			sourceTree = "<group>";
		};
		CCA713392585D25A00F1BE70 /* Products */ = {
			isa = PBXGroup;
			children = (
				CCA713382585D25A00F1BE70 /* MapView.app */,
			);
			name = Products;
			sourceTree = "<group>";
		};
		CCA7133A2585D25A00F1BE70 /* MapView */ = {
			isa = PBXGroup;
			children = (
				CCA7133F2585D26000F1BE70 /* Assets.xcassets */,
				CCA713442585D26000F1BE70 /* Info.plist */,
				CCA7133B2585D25A00F1BE70 /* MapViewApp.swift */,
				CC62FD0125878B0E00ADCA00 /* Views */,
				CC62FD0225878B2C00ADCA00 /* Model */,
				CC62FD0425878B4400ADCA00 /* Resources */,
				CCA713412585D26000F1BE70 /* Preview Content */,
			);
			path = MapView;
			sourceTree = "<group>";
		};
		CCA713412585D26000F1BE70 /* Preview Content */ = {
			isa = PBXGroup;
			children = (
				CCA713422585D26000F1BE70 /* Preview Assets.xcassets */,
			);
			path = "Preview Content";
			sourceTree = "<group>";
		};
/* End PBXGroup section */

/* Begin PBXNativeTarget section */
		CCA713372585D25A00F1BE70 /* MapView */ = {
			isa = PBXNativeTarget;
			buildConfigurationList = CCA713472585D26000F1BE70 /* Build configuration list for PBXNativeTarget "MapView" */;
			buildPhases = (
				CCA713342585D25A00F1BE70 /* Sources */,
				CCA713352585D25A00F1BE70 /* Frameworks */,
				CCA713362585D25A00F1BE70 /* Resources */,
			);
			buildRules = (
			);
			dependencies = (
			);
			name = MapView;
			productName = MapView;
			productReference = CCA713382585D25A00F1BE70 /* MapView.app */;
			productType = "com.apple.product-type.application";
		};
/* End PBXNativeTarget section */

/* Begin PBXProject section */
		CCA713302585D25A00F1BE70 /* Project object */ = {
			isa = PBXProject;
			attributes = {
				LastSwiftUpdateCheck = 1210;
				LastUpgradeCheck = 1210;
				TargetAttributes = {
					CCA713372585D25A00F1BE70 = {
						CreatedOnToolsVersion = 12.1;
					};
				};
			};
			buildConfigurationList = CCA713332585D25A00F1BE70 /* Build configuration list for PBXProject "MapView" */;
			compatibilityVersion = "Xcode 9.3";
			developmentRegion = en;
			hasScannedForEncodings = 0;
			knownRegions = (
				en,
				Base,
			);
			mainGroup = CCA7132F2585D25A00F1BE70;
			productRefGroup = CCA713392585D25A00F1BE70 /* Products */;
			projectDirPath = "";
			projectRoot = "";
			targets = (
				CCA713372585D25A00F1BE70 /* MapView */,
			);
		};
/* End PBXProject section */

/* Begin PBXResourcesBuildPhase section */
		CCA713362585D25A00F1BE70 /* Resources */ = {
			isa = PBXResourcesBuildPhase;
			buildActionMask = 2147483647;
			files = (
				CCA713432585D26000F1BE70 /* Preview Assets.xcassets in Resources */,
				CCA713402585D26000F1BE70 /* Assets.xcassets in Resources */,
				CC62FCF925877F4C00ADCA00 /* landmarkData.json in Resources */,
			);
			runOnlyForDeploymentPostprocessing = 0;
		};
/* End PBXResourcesBuildPhase section */

/* Begin PBXSourcesBuildPhase section */
		CCA713342585D25A00F1BE70 /* Sources */ = {
			isa = PBXSourcesBuildPhase;
			buildActionMask = 2147483647;
			files = (
				CCA7133E2585D25A00F1BE70 /* ContentView.swift in Sources */,
				CC62FCC825862D3600ADCA00 /* CircleImage.swift in Sources */,
				CCA7134C2585DA7200F1BE70 /* MapView.swift in Sources */,
				CCA7133C2585D25A00F1BE70 /* MapViewApp.swift in Sources */,
				CC62FCFC25877F7700ADCA00 /* Landmark.swift in Sources */,
				CC62FCFF2587836B00ADCA00 /* ModelData.swift in Sources */,
			);
			runOnlyForDeploymentPostprocessing = 0;
		};
/* End PBXSourcesBuildPhase section */

/* Begin XCBuildConfiguration section */
		CCA713452585D26000F1BE70 /* Debug */ = {
			isa = XCBuildConfiguration;
			buildSettings = {
				ALWAYS_SEARCH_USER_PATHS = NO;
				CLANG_ANALYZER_NONNULL = YES;
				CLANG_ANALYZER_NUMBER_OBJECT_CONVERSION = YES_AGGRESSIVE;
				CLANG_CXX_LANGUAGE_STANDARD = "gnu++14";
				CLANG_CXX_LIBRARY = "libc++";
				CLANG_ENABLE_MODULES = YES;
				CLANG_ENABLE_OBJC_ARC = YES;
				CLANG_ENABLE_OBJC_WEAK = YES;
				CLANG_WARN_BLOCK_CAPTURE_AUTORELEASING = YES;
				CLANG_WARN_BOOL_CONVERSION = YES;
				CLANG_WARN_COMMA = YES;
				CLANG_WARN_CONSTANT_CONVERSION = YES;
				CLANG_WARN_DEPRECATED_OBJC_IMPLEMENTATIONS = YES;
				CLANG_WARN_DIRECT_OBJC_ISA_USAGE = YES_ERROR;
				CLANG_WARN_DOCUMENTATION_COMMENTS = YES;
				CLANG_WARN_EMPTY_BODY = YES;
				CLANG_WARN_ENUM_CONVERSION = YES;
				CLANG_WARN_INFINITE_RECURSION = YES;
				CLANG_WARN_INT_CONVERSION = YES;
				CLANG_WARN_NON_LITERAL_NULL_CONVERSION = YES;
				CLANG_WARN_OBJC_IMPLICIT_RETAIN_SELF = YES;
				CLANG_WARN_OBJC_LITERAL_CONVERSION = YES;
				CLANG_WARN_OBJC_ROOT_CLASS = YES_ERROR;
				CLANG_WARN_QUOTED_INCLUDE_IN_FRAMEWORK_HEADER = YES;
				CLANG_WARN_RANGE_LOOP_ANALYSIS = YES;
				CLANG_WARN_STRICT_PROTOTYPES = YES;
				CLANG_WARN_SUSPICIOUS_MOVE = YES;
				CLANG_WARN_UNGUARDED_AVAILABILITY = YES_AGGRESSIVE;
				CLANG_WARN_UNREACHABLE_CODE = YES;
				CLANG_WARN__DUPLICATE_METHOD_MATCH = YES;
				COPY_PHASE_STRIP = NO;
				DEBUG_INFORMATION_FORMAT = dwarf;
				ENABLE_STRICT_OBJC_MSGSEND = YES;
				ENABLE_TESTABILITY = YES;
				GCC_C_LANGUAGE_STANDARD = gnu11;
				GCC_DYNAMIC_NO_PIC = NO;
				GCC_NO_COMMON_BLOCKS = YES;
				GCC_OPTIMIZATION_LEVEL = 0;
				GCC_PREPROCESSOR_DEFINITIONS = (
					"DEBUG=1",
					"$(inherited)",
				);
				GCC_WARN_64_TO_32_BIT_CONVERSION = YES;
				GCC_WARN_ABOUT_RETURN_TYPE = YES_ERROR;
				GCC_WARN_UNDECLARED_SELECTOR = YES;
				GCC_WARN_UNINITIALIZED_AUTOS = YES_AGGRESSIVE;
				GCC_WARN_UNUSED_FUNCTION = YES;
				GCC_WARN_UNUSED_VARIABLE = YES;
				IPHONEOS_DEPLOYMENT_TARGET = 14.1;
				MTL_ENABLE_DEBUG_INFO = INCLUDE_SOURCE;
				MTL_FAST_MATH = YES;
				ONLY_ACTIVE_ARCH = YES;
				SDKROOT = iphoneos;
				SWIFT_ACTIVE_COMPILATION_CONDITIONS = DEBUG;
				SWIFT_OPTIMIZATION_LEVEL = "-Onone";
			};
			name = Debug;
		};
		CCA713462585D26000F1BE70 /* Release */ = {
			isa = XCBuildConfiguration;
			buildSettings = {
				ALWAYS_SEARCH_USER_PATHS = NO;
				CLANG_ANALYZER_NONNULL = YES;
				CLANG_ANALYZER_NUMBER_OBJECT_CONVERSION = YES_AGGRESSIVE;
				CLANG_CXX_LANGUAGE_STANDARD = "gnu++14";
				CLANG_CXX_LIBRARY = "libc++";
				CLANG_ENABLE_MODULES = YES;
				CLANG_ENABLE_OBJC_ARC = YES;
				CLANG_ENABLE_OBJC_WEAK = YES;
				CLANG_WARN_BLOCK_CAPTURE_AUTORELEASING = YES;
				CLANG_WARN_BOOL_CONVERSION = YES;
				CLANG_WARN_COMMA = YES;
				CLANG_WARN_CONSTANT_CONVERSION = YES;
				CLANG_WARN_DEPRECATED_OBJC_IMPLEMENTATIONS = YES;
				CLANG_WARN_DIRECT_OBJC_ISA_USAGE = YES_ERROR;
				CLANG_WARN_DOCUMENTATION_COMMENTS = YES;
				CLANG_WARN_EMPTY_BODY = YES;
				CLANG_WARN_ENUM_CONVERSION = YES;
				CLANG_WARN_INFINITE_RECURSION = YES;
				CLANG_WARN_INT_CONVERSION = YES;
				CLANG_WARN_NON_LITERAL_NULL_CONVERSION = YES;
				CLANG_WARN_OBJC_IMPLICIT_RETAIN_SELF = YES;
				CLANG_WARN_OBJC_LITERAL_CONVERSION = YES;
				CLANG_WARN_OBJC_ROOT_CLASS = YES_ERROR;
				CLANG_WARN_QUOTED_INCLUDE_IN_FRAMEWORK_HEADER = YES;
				CLANG_WARN_RANGE_LOOP_ANALYSIS = YES;
				CLANG_WARN_STRICT_PROTOTYPES = YES;
				CLANG_WARN_SUSPICIOUS_MOVE = YES;
				CLANG_WARN_UNGUARDED_AVAILABILITY = YES_AGGRESSIVE;
				CLANG_WARN_UNREACHABLE_CODE = YES;
				CLANG_WARN__DUPLICATE_METHOD_MATCH = YES;
				COPY_PHASE_STRIP = NO;
				DEBUG_INFORMATION_FORMAT = "dwarf-with-dsym";
				ENABLE_NS_ASSERTIONS = NO;
				ENABLE_STRICT_OBJC_MSGSEND = YES;
				GCC_C_LANGUAGE_STANDARD = gnu11;
				GCC_NO_COMMON_BLOCKS = YES;
				GCC_WARN_64_TO_32_BIT_CONVERSION = YES;
				GCC_WARN_ABOUT_RETURN_TYPE = YES_ERROR;
				GCC_WARN_UNDECLARED_SELECTOR = YES;
				GCC_WARN_UNINITIALIZED_AUTOS = YES_AGGRESSIVE;
				GCC_WARN_UNUSED_FUNCTION = YES;
				GCC_WARN_UNUSED_VARIABLE = YES;
				IPHONEOS_DEPLOYMENT_TARGET = 14.1;
				MTL_ENABLE_DEBUG_INFO = NO;
				MTL_FAST_MATH = YES;
				SDKROOT = iphoneos;
				SWIFT_COMPILATION_MODE = wholemodule;
				SWIFT_OPTIMIZATION_LEVEL = "-O";
				VALIDATE_PRODUCT = YES;
			};
			name = Release;
		};
		CCA713482585D26000F1BE70 /* Debug */ = {
			isa = XCBuildConfiguration;
			buildSettings = {
				ASSETCATALOG_COMPILER_APPICON_NAME = AppIcon;
				ASSETCATALOG_COMPILER_GLOBAL_ACCENT_COLOR_NAME = AccentColor;
				CODE_SIGN_STYLE = Automatic;
				DEVELOPMENT_ASSET_PATHS = "\"MapView/Preview Content\"";
				ENABLE_PREVIEWS = YES;
				INFOPLIST_FILE = MapView/Info.plist;
				IPHONEOS_DEPLOYMENT_TARGET = 14.0;
				LD_RUNPATH_SEARCH_PATHS = (
					"$(inherited)",
					"@executable_path/Frameworks",
				);
				PRODUCT_BUNDLE_IDENTIFIER = ming.MapView;
				PRODUCT_NAME = "$(TARGET_NAME)";
				SWIFT_VERSION = 5.0;
				TARGETED_DEVICE_FAMILY = "1,2";
			};
			name = Debug;
		};
		CCA713492585D26000F1BE70 /* Release */ = {
			isa = XCBuildConfiguration;
			buildSettings = {
				ASSETCATALOG_COMPILER_APPICON_NAME = AppIcon;
				ASSETCATALOG_COMPILER_GLOBAL_ACCENT_COLOR_NAME = AccentColor;
				CODE_SIGN_STYLE = Automatic;
				DEVELOPMENT_ASSET_PATHS = "\"MapView/Preview Content\"";
				ENABLE_PREVIEWS = YES;
				INFOPLIST_FILE = MapView/Info.plist;
				IPHONEOS_DEPLOYMENT_TARGET = 14.0;
				LD_RUNPATH_SEARCH_PATHS = (
					"$(inherited)",
					"@executable_path/Frameworks",
				);
				PRODUCT_BUNDLE_IDENTIFIER = ming.MapView;
				PRODUCT_NAME = "$(TARGET_NAME)";
				SWIFT_VERSION = 5.0;
				TARGETED_DEVICE_FAMILY = "1,2";
			};
			name = Release;
		};
/* End XCBuildConfiguration section */

/* Begin XCConfigurationList section */
		CCA713332585D25A00F1BE70 /* Build configuration list for PBXProject "MapView" */ = {
			isa = XCConfigurationList;
			buildConfigurations = (
				CCA713452585D26000F1BE70 /* Debug */,
				CCA713462585D26000F1BE70 /* Release */,
			);
			defaultConfigurationIsVisible = 0;
			defaultConfigurationName = Release;
		};
		CCA713472585D26000F1BE70 /* Build configuration list for PBXNativeTarget "MapView" */ = {
			isa = XCConfigurationList;
			buildConfigurations = (
				CCA713482585D26000F1BE70 /* Debug */,
				CCA713492585D26000F1BE70 /* Release */,
			);
			defaultConfigurationIsVisible = 0;
			defaultConfigurationName = Release;
		};
/* End XCConfigurationList section */
	};
	rootObject = CCA713302585D25A00F1BE70 /* Project object */;
}
