// !$*UTF8*$!
{
	archiveVersion = 1;
	classes = {
	};
	objectVersion = 50;
	objects = {

/* Begin PBXBuildFile section */
		0242AA8A25F793D300CCD40E /* PokemonListViewModel.swift in Sources */ = {isa = PBXBuildFile; fileRef = 0242AA8925F793D300CCD40E /* PokemonListViewModel.swift */; };
		0242AA8F25F7944D00CCD40E /* PokemonListResponse.swift in Sources */ = {isa = PBXBuildFile; fileRef = 0242AA8E25F7944D00CCD40E /* PokemonListResponse.swift */; };
		0242AA9725F7948200CCD40E /* PokemonSummaryModel.swift in Sources */ = {isa = PBXBuildFile; fileRef = 0242AA9625F7948200CCD40E /* PokemonSummaryModel.swift */; };
		CC964A5A25F0F37400753C53 /* PokedexApp.swift in Sources */ = {isa = PBXBuildFile; fileRef = CC964A5925F0F37400753C53 /* PokedexApp.swift */; };
		CC964A5C25F0F37400753C53 /* ContentView.swift in Sources */ = {isa = PBXBuildFile; fileRef = CC964A5B25F0F37400753C53 /* ContentView.swift */; };
		CC964A5E25F0F37600753C53 /* Assets.xcassets in Resources */ = {isa = PBXBuildFile; fileRef = CC964A5D25F0F37600753C53 /* Assets.xcassets */; };
		CC964A6125F0F37600753C53 /* Preview Assets.xcassets in Resources */ = {isa = PBXBuildFile; fileRef = CC964A6025F0F37600753C53 /* Preview Assets.xcassets */; };
		CC964A6C25F0F37700753C53 /* PokedexTests.swift in Sources */ = {isa = PBXBuildFile; fileRef = CC964A6B25F0F37700753C53 /* PokedexTests.swift */; };
		CC964A7725F0F37700753C53 /* PokedexUITests.swift in Sources */ = {isa = PBXBuildFile; fileRef = CC964A7625F0F37700753C53 /* PokedexUITests.swift */; };
		CC964AF825F4ED1500753C53 /* HTTPClient.swift in Sources */ = {isa = PBXBuildFile; fileRef = CC964AF725F4ED1500753C53 /* HTTPClient.swift */; };
		CC964AFD25F4F0CD00753C53 /* PokemonService.swift in Sources */ = {isa = PBXBuildFile; fileRef = CC964AFC25F4F0CD00753C53 /* PokemonService.swift */; };
/* End PBXBuildFile section */

/* Begin PBXContainerItemProxy section */
		CC964A6825F0F37700753C53 /* PBXContainerItemProxy */ = {
			isa = PBXContainerItemProxy;
			containerPortal = CC964A4E25F0F37400753C53 /* Project object */;
			proxyType = 1;
			remoteGlobalIDString = CC964A5525F0F37400753C53;
			remoteInfo = Pokedex;
		};
		CC964A7325F0F37700753C53 /* PBXContainerItemProxy */ = {
			isa = PBXContainerItemProxy;
			containerPortal = CC964A4E25F0F37400753C53 /* Project object */;
			proxyType = 1;
			remoteGlobalIDString = CC964A5525F0F37400753C53;
			remoteInfo = Pokedex;
		};
/* End PBXContainerItemProxy section */

/* Begin PBXFileReference section */
		0242AA8925F793D300CCD40E /* PokemonListViewModel.swift */ = {isa = PBXFileReference; lastKnownFileType = sourcecode.swift; path = PokemonListViewModel.swift; sourceTree = "<group>"; };
		0242AA8E25F7944D00CCD40E /* PokemonListResponse.swift */ = {isa = PBXFileReference; lastKnownFileType = sourcecode.swift; path = PokemonListResponse.swift; sourceTree = "<group>"; };
		0242AA9625F7948200CCD40E /* PokemonSummaryModel.swift */ = {isa = PBXFileReference; lastKnownFileType = sourcecode.swift; path = PokemonSummaryModel.swift; sourceTree = "<group>"; };
		CC964A5625F0F37400753C53 /* Pokedex.app */ = {isa = PBXFileReference; explicitFileType = wrapper.application; includeInIndex = 0; path = Pokedex.app; sourceTree = BUILT_PRODUCTS_DIR; };
		CC964A5925F0F37400753C53 /* PokedexApp.swift */ = {isa = PBXFileReference; lastKnownFileType = sourcecode.swift; path = PokedexApp.swift; sourceTree = "<group>"; };
		CC964A5B25F0F37400753C53 /* ContentView.swift */ = {isa = PBXFileReference; lastKnownFileType = sourcecode.swift; path = ContentView.swift; sourceTree = "<group>"; };
		CC964A5D25F0F37600753C53 /* Assets.xcassets */ = {isa = PBXFileReference; lastKnownFileType = folder.assetcatalog; path = Assets.xcassets; sourceTree = "<group>"; };
		CC964A6025F0F37600753C53 /* Preview Assets.xcassets */ = {isa = PBXFileReference; lastKnownFileType = folder.assetcatalog; path = "Preview Assets.xcassets"; sourceTree = "<group>"; };
		CC964A6225F0F37600753C53 /* Info.plist */ = {isa = PBXFileReference; lastKnownFileType = text.plist.xml; path = Info.plist; sourceTree = "<group>"; };
		CC964A6725F0F37700753C53 /* PokedexTests.xctest */ = {isa = PBXFileReference; explicitFileType = wrapper.cfbundle; includeInIndex = 0; path = PokedexTests.xctest; sourceTree = BUILT_PRODUCTS_DIR; };
		CC964A6B25F0F37700753C53 /* PokedexTests.swift */ = {isa = PBXFileReference; lastKnownFileType = sourcecode.swift; path = PokedexTests.swift; sourceTree = "<group>"; };
		CC964A6D25F0F37700753C53 /* Info.plist */ = {isa = PBXFileReference; lastKnownFileType = text.plist.xml; path = Info.plist; sourceTree = "<group>"; };
		CC964A7225F0F37700753C53 /* PokedexUITests.xctest */ = {isa = PBXFileReference; explicitFileType = wrapper.cfbundle; includeInIndex = 0; path = PokedexUITests.xctest; sourceTree = BUILT_PRODUCTS_DIR; };
		CC964A7625F0F37700753C53 /* PokedexUITests.swift */ = {isa = PBXFileReference; lastKnownFileType = sourcecode.swift; path = PokedexUITests.swift; sourceTree = "<group>"; };
		CC964A7825F0F37700753C53 /* Info.plist */ = {isa = PBXFileReference; lastKnownFileType = text.plist.xml; path = Info.plist; sourceTree = "<group>"; };
		CC964AF725F4ED1500753C53 /* HTTPClient.swift */ = {isa = PBXFileReference; lastKnownFileType = sourcecode.swift; path = HTTPClient.swift; sourceTree = "<group>"; };
		CC964AFC25F4F0CD00753C53 /* PokemonService.swift */ = {isa = PBXFileReference; lastKnownFileType = sourcecode.swift; path = PokemonService.swift; sourceTree = "<group>"; };
/* End PBXFileReference section */

/* Begin PBXFrameworksBuildPhase section */
		CC964A5325F0F37400753C53 /* Frameworks */ = {
			isa = PBXFrameworksBuildPhase;
			buildActionMask = 2147483647;
			files = (
			);
			runOnlyForDeploymentPostprocessing = 0;
		};
		CC964A6425F0F37700753C53 /* Frameworks */ = {
			isa = PBXFrameworksBuildPhase;
			buildActionMask = 2147483647;
			files = (
			);
			runOnlyForDeploymentPostprocessing = 0;
		};
		CC964A6F25F0F37700753C53 /* Frameworks */ = {
			isa = PBXFrameworksBuildPhase;
			buildActionMask = 2147483647;
			files = (
			);
			runOnlyForDeploymentPostprocessing = 0;
		};
/* End PBXFrameworksBuildPhase section */

/* Begin PBXGroup section */
		0242AA8325F7939000CCD40E /* Views */ = {
			isa = PBXGroup;
			children = (
				CC964A5B25F0F37400753C53 /* ContentView.swift */,
			);
			path = Views;
			sourceTree = "<group>";
		};
		0242AA8425F7939600CCD40E /* ViewModels */ = {
			isa = PBXGroup;
			children = (
				0242AA8925F793D300CCD40E /* PokemonListViewModel.swift */,
			);
			path = ViewModels;
			sourceTree = "<group>";
		};
		0242AA8525F793A100CCD40E /* Services */ = {
			isa = PBXGroup;
			children = (
				CC964AFC25F4F0CD00753C53 /* PokemonService.swift */,
			);
			path = Services;
			sourceTree = "<group>";
		};
		0242AA8625F793A700CCD40E /* Clients */ = {
			isa = PBXGroup;
			children = (
				CC964AF725F4ED1500753C53 /* HTTPClient.swift */,
			);
			path = Clients;
			sourceTree = "<group>";
		};
		0242AA8725F793B800CCD40E /* NetworkModel */ = {
			isa = PBXGroup;
			children = (
				0242AA8E25F7944D00CCD40E /* PokemonListResponse.swift */,
			);
			path = NetworkModel;
			sourceTree = "<group>";
		};
		0242AA8825F793C100CCD40E /* DomainModel */ = {
			isa = PBXGroup;
			children = (
				0242AA9625F7948200CCD40E /* PokemonSummaryModel.swift */,
			);
			path = DomainModel;
			sourceTree = "<group>";
		};
		CC964A4D25F0F37400753C53 = {
			isa = PBXGroup;
			children = (
				CC964A5825F0F37400753C53 /* Pokedex */,
				CC964A6A25F0F37700753C53 /* PokedexTests */,
				CC964A7525F0F37700753C53 /* PokedexUITests */,
				CC964A5725F0F37400753C53 /* Products */,
			);
			sourceTree = "<group>";
		};
		CC964A5725F0F37400753C53 /* Products */ = {
			isa = PBXGroup;
			children = (
				CC964A5625F0F37400753C53 /* Pokedex.app */,
				CC964A6725F0F37700753C53 /* PokedexTests.xctest */,
				CC964A7225F0F37700753C53 /* PokedexUITests.xctest */,
			);
			name = Products;
			sourceTree = "<group>";
		};
		CC964A5825F0F37400753C53 /* Pokedex */ = {
			isa = PBXGroup;
			children = (
				0242AA8825F793C100CCD40E /* DomainModel */,
				0242AA8725F793B800CCD40E /* NetworkModel */,
				0242AA8625F793A700CCD40E /* Clients */,
				0242AA8525F793A100CCD40E /* Services */,
				0242AA8425F7939600CCD40E /* ViewModels */,
				0242AA8325F7939000CCD40E /* Views */,
				CC964A5925F0F37400753C53 /* PokedexApp.swift */,
				CC964A5D25F0F37600753C53 /* Assets.xcassets */,
				CC964A6225F0F37600753C53 /* Info.plist */,
				CC964A5F25F0F37600753C53 /* Preview Content */,
			);
			path = Pokedex;
			sourceTree = "<group>";
		};
		CC964A5F25F0F37600753C53 /* Preview Content */ = {
			isa = PBXGroup;
			children = (
				CC964A6025F0F37600753C53 /* Preview Assets.xcassets */,
			);
			path = "Preview Content";
			sourceTree = "<group>";
		};
		CC964A6A25F0F37700753C53 /* PokedexTests */ = {
			isa = PBXGroup;
			children = (
				CC964A6B25F0F37700753C53 /* PokedexTests.swift */,
				CC964A6D25F0F37700753C53 /* Info.plist */,
			);
			path = PokedexTests;
			sourceTree = "<group>";
		};
		CC964A7525F0F37700753C53 /* PokedexUITests */ = {
			isa = PBXGroup;
			children = (
				CC964A7625F0F37700753C53 /* PokedexUITests.swift */,
				CC964A7825F0F37700753C53 /* Info.plist */,
			);
			path = PokedexUITests;
			sourceTree = "<group>";
		};
/* End PBXGroup section */

/* Begin PBXNativeTarget section */
		CC964A5525F0F37400753C53 /* Pokedex */ = {
			isa = PBXNativeTarget;
			buildConfigurationList = CC964A7B25F0F37700753C53 /* Build configuration list for PBXNativeTarget "Pokedex" */;
			buildPhases = (
				CC964A5225F0F37400753C53 /* Sources */,
				CC964A5325F0F37400753C53 /* Frameworks */,
				CC964A5425F0F37400753C53 /* Resources */,
			);
			buildRules = (
			);
			dependencies = (
			);
			name = Pokedex;
			productName = Pokedex;
			productReference = CC964A5625F0F37400753C53 /* Pokedex.app */;
			productType = "com.apple.product-type.application";
		};
		CC964A6625F0F37700753C53 /* PokedexTests */ = {
			isa = PBXNativeTarget;
			buildConfigurationList = CC964A7E25F0F37700753C53 /* Build configuration list for PBXNativeTarget "PokedexTests" */;
			buildPhases = (
				CC964A6325F0F37700753C53 /* Sources */,
				CC964A6425F0F37700753C53 /* Frameworks */,
				CC964A6525F0F37700753C53 /* Resources */,
			);
			buildRules = (
			);
			dependencies = (
				CC964A6925F0F37700753C53 /* PBXTargetDependency */,
			);
			name = PokedexTests;
			productName = PokedexTests;
			productReference = CC964A6725F0F37700753C53 /* PokedexTests.xctest */;
			productType = "com.apple.product-type.bundle.unit-test";
		};
		CC964A7125F0F37700753C53 /* PokedexUITests */ = {
			isa = PBXNativeTarget;
			buildConfigurationList = CC964A8125F0F37700753C53 /* Build configuration list for PBXNativeTarget "PokedexUITests" */;
			buildPhases = (
				CC964A6E25F0F37700753C53 /* Sources */,
				CC964A6F25F0F37700753C53 /* Frameworks */,
				CC964A7025F0F37700753C53 /* Resources */,
			);
			buildRules = (
			);
			dependencies = (
				CC964A7425F0F37700753C53 /* PBXTargetDependency */,
			);
			name = PokedexUITests;
			productName = PokedexUITests;
			productReference = CC964A7225F0F37700753C53 /* PokedexUITests.xctest */;
			productType = "com.apple.product-type.bundle.ui-testing";
		};
/* End PBXNativeTarget section */

/* Begin PBXProject section */
		CC964A4E25F0F37400753C53 /* Project object */ = {
			isa = PBXProject;
			attributes = {
				LastSwiftUpdateCheck = 1240;
				LastUpgradeCheck = 1240;
				TargetAttributes = {
					CC964A5525F0F37400753C53 = {
						CreatedOnToolsVersion = 12.4;
					};
					CC964A6625F0F37700753C53 = {
						CreatedOnToolsVersion = 12.4;
						TestTargetID = CC964A5525F0F37400753C53;
					};
					CC964A7125F0F37700753C53 = {
						CreatedOnToolsVersion = 12.4;
						TestTargetID = CC964A5525F0F37400753C53;
					};
				};
			};
			buildConfigurationList = CC964A5125F0F37400753C53 /* Build configuration list for PBXProject "Pokedex" */;
			compatibilityVersion = "Xcode 9.3";
			developmentRegion = en;
			hasScannedForEncodings = 0;
			knownRegions = (
				en,
				Base,
			);
			mainGroup = CC964A4D25F0F37400753C53;
			productRefGroup = CC964A5725F0F37400753C53 /* Products */;
			projectDirPath = "";
			projectRoot = "";
			targets = (
				CC964A5525F0F37400753C53 /* Pokedex */,
				CC964A6625F0F37700753C53 /* PokedexTests */,
				CC964A7125F0F37700753C53 /* PokedexUITests */,
			);
		};
/* End PBXProject section */

/* Begin PBXResourcesBuildPhase section */
		CC964A5425F0F37400753C53 /* Resources */ = {
			isa = PBXResourcesBuildPhase;
			buildActionMask = 2147483647;
			files = (
				CC964A6125F0F37600753C53 /* Preview Assets.xcassets in Resources */,
				CC964A5E25F0F37600753C53 /* Assets.xcassets in Resources */,
			);
			runOnlyForDeploymentPostprocessing = 0;
		};
		CC964A6525F0F37700753C53 /* Resources */ = {
			isa = PBXResourcesBuildPhase;
			buildActionMask = 2147483647;
			files = (
			);
			runOnlyForDeploymentPostprocessing = 0;
		};
		CC964A7025F0F37700753C53 /* Resources */ = {
			isa = PBXResourcesBuildPhase;
			buildActionMask = 2147483647;
			files = (
			);
			runOnlyForDeploymentPostprocessing = 0;
		};
/* End PBXResourcesBuildPhase section */

/* Begin PBXSourcesBuildPhase section */
		CC964A5225F0F37400753C53 /* Sources */ = {
			isa = PBXSourcesBuildPhase;
			buildActionMask = 2147483647;
			files = (
				0242AA8F25F7944D00CCD40E /* PokemonListResponse.swift in Sources */,
				CC964AFD25F4F0CD00753C53 /* PokemonService.swift in Sources */,
				0242AA9725F7948200CCD40E /* PokemonSummaryModel.swift in Sources */,
				CC964A5C25F0F37400753C53 /* ContentView.swift in Sources */,
				CC964A5A25F0F37400753C53 /* PokedexApp.swift in Sources */,
				0242AA8A25F793D300CCD40E /* PokemonListViewModel.swift in Sources */,
				CC964AF825F4ED1500753C53 /* HTTPClient.swift in Sources */,
			);
			runOnlyForDeploymentPostprocessing = 0;
		};
		CC964A6325F0F37700753C53 /* Sources */ = {
			isa = PBXSourcesBuildPhase;
			buildActionMask = 2147483647;
			files = (
				CC964A6C25F0F37700753C53 /* PokedexTests.swift in Sources */,
			);
			runOnlyForDeploymentPostprocessing = 0;
		};
		CC964A6E25F0F37700753C53 /* Sources */ = {
			isa = PBXSourcesBuildPhase;
			buildActionMask = 2147483647;
			files = (
				CC964A7725F0F37700753C53 /* PokedexUITests.swift in Sources */,
			);
			runOnlyForDeploymentPostprocessing = 0;
		};
/* End PBXSourcesBuildPhase section */

/* Begin PBXTargetDependency section */
		CC964A6925F0F37700753C53 /* PBXTargetDependency */ = {
			isa = PBXTargetDependency;
			target = CC964A5525F0F37400753C53 /* Pokedex */;
			targetProxy = CC964A6825F0F37700753C53 /* PBXContainerItemProxy */;
		};
		CC964A7425F0F37700753C53 /* PBXTargetDependency */ = {
			isa = PBXTargetDependency;
			target = CC964A5525F0F37400753C53 /* Pokedex */;
			targetProxy = CC964A7325F0F37700753C53 /* PBXContainerItemProxy */;
		};
/* End PBXTargetDependency section */

/* Begin XCBuildConfiguration section */
		CC964A7925F0F37700753C53 /* Debug */ = {
			isa = XCBuildConfiguration;
			buildSettings = {
				ALWAYS_SEARCH_USER_PATHS = NO;
				CLANG_ANALYZER_NONNULL = YES;
				CLANG_ANALYZER_NUMBER_OBJECT_CONVERSION = YES_AGGRESSIVE;
				CLANG_CXX_LANGUAGE_STANDARD = "gnu++14";
				CLANG_CXX_LIBRARY = "libc++";
				CLANG_ENABLE_MODULES = YES;
				CLANG_ENABLE_OBJC_ARC = YES;
				CLANG_ENABLE_OBJC_WEAK = YES;
				CLANG_WARN_BLOCK_CAPTURE_AUTORELEASING = YES;
				CLANG_WARN_BOOL_CONVERSION = YES;
				CLANG_WARN_COMMA = YES;
				CLANG_WARN_CONSTANT_CONVERSION = YES;
				CLANG_WARN_DEPRECATED_OBJC_IMPLEMENTATIONS = YES;
				CLANG_WARN_DIRECT_OBJC_ISA_USAGE = YES_ERROR;
				CLANG_WARN_DOCUMENTATION_COMMENTS = YES;
				CLANG_WARN_EMPTY_BODY = YES;
				CLANG_WARN_ENUM_CONVERSION = YES;
				CLANG_WARN_INFINITE_RECURSION = YES;
				CLANG_WARN_INT_CONVERSION = YES;
				CLANG_WARN_NON_LITERAL_NULL_CONVERSION = YES;
				CLANG_WARN_OBJC_IMPLICIT_RETAIN_SELF = YES;
				CLANG_WARN_OBJC_LITERAL_CONVERSION = YES;
				CLANG_WARN_OBJC_ROOT_CLASS = YES_ERROR;
				CLANG_WARN_QUOTED_INCLUDE_IN_FRAMEWORK_HEADER = YES;
				CLANG_WARN_RANGE_LOOP_ANALYSIS = YES;
				CLANG_WARN_STRICT_PROTOTYPES = YES;
				CLANG_WARN_SUSPICIOUS_MOVE = YES;
				CLANG_WARN_UNGUARDED_AVAILABILITY = YES_AGGRESSIVE;
				CLANG_WARN_UNREACHABLE_CODE = YES;
				CLANG_WARN__DUPLICATE_METHOD_MATCH = YES;
				COPY_PHASE_STRIP = NO;
				DEBUG_INFORMATION_FORMAT = dwarf;
				ENABLE_STRICT_OBJC_MSGSEND = YES;
				ENABLE_TESTABILITY = YES;
				GCC_C_LANGUAGE_STANDARD = gnu11;
				GCC_DYNAMIC_NO_PIC = NO;
				GCC_NO_COMMON_BLOCKS = YES;
				GCC_OPTIMIZATION_LEVEL = 0;
				GCC_PREPROCESSOR_DEFINITIONS = (
					"DEBUG=1",
					"$(inherited)",
				);
				GCC_WARN_64_TO_32_BIT_CONVERSION = YES;
				GCC_WARN_ABOUT_RETURN_TYPE = YES_ERROR;
				GCC_WARN_UNDECLARED_SELECTOR = YES;
				GCC_WARN_UNINITIALIZED_AUTOS = YES_AGGRESSIVE;
				GCC_WARN_UNUSED_FUNCTION = YES;
				GCC_WARN_UNUSED_VARIABLE = YES;
				IPHONEOS_DEPLOYMENT_TARGET = 14.4;
				MTL_ENABLE_DEBUG_INFO = INCLUDE_SOURCE;
				MTL_FAST_MATH = YES;
				ONLY_ACTIVE_ARCH = YES;
				SDKROOT = iphoneos;
				SWIFT_ACTIVE_COMPILATION_CONDITIONS = DEBUG;
				SWIFT_OPTIMIZATION_LEVEL = "-Onone";
			};
			name = Debug;
		};
		CC964A7A25F0F37700753C53 /* Release */ = {
			isa = XCBuildConfiguration;
			buildSettings = {
				ALWAYS_SEARCH_USER_PATHS = NO;
				CLANG_ANALYZER_NONNULL = YES;
				CLANG_ANALYZER_NUMBER_OBJECT_CONVERSION = YES_AGGRESSIVE;
				CLANG_CXX_LANGUAGE_STANDARD = "gnu++14";
				CLANG_CXX_LIBRARY = "libc++";
				CLANG_ENABLE_MODULES = YES;
				CLANG_ENABLE_OBJC_ARC = YES;
				CLANG_ENABLE_OBJC_WEAK = YES;
				CLANG_WARN_BLOCK_CAPTURE_AUTORELEASING = YES;
				CLANG_WARN_BOOL_CONVERSION = YES;
				CLANG_WARN_COMMA = YES;
				CLANG_WARN_CONSTANT_CONVERSION = YES;
				CLANG_WARN_DEPRECATED_OBJC_IMPLEMENTATIONS = YES;
				CLANG_WARN_DIRECT_OBJC_ISA_USAGE = YES_ERROR;
				CLANG_WARN_DOCUMENTATION_COMMENTS = YES;
				CLANG_WARN_EMPTY_BODY = YES;
				CLANG_WARN_ENUM_CONVERSION = YES;
				CLANG_WARN_INFINITE_RECURSION = YES;
				CLANG_WARN_INT_CONVERSION = YES;
				CLANG_WARN_NON_LITERAL_NULL_CONVERSION = YES;
				CLANG_WARN_OBJC_IMPLICIT_RETAIN_SELF = YES;
				CLANG_WARN_OBJC_LITERAL_CONVERSION = YES;
				CLANG_WARN_OBJC_ROOT_CLASS = YES_ERROR;
				CLANG_WARN_QUOTED_INCLUDE_IN_FRAMEWORK_HEADER = YES;
				CLANG_WARN_RANGE_LOOP_ANALYSIS = YES;
				CLANG_WARN_STRICT_PROTOTYPES = YES;
				CLANG_WARN_SUSPICIOUS_MOVE = YES;
				CLANG_WARN_UNGUARDED_AVAILABILITY = YES_AGGRESSIVE;
				CLANG_WARN_UNREACHABLE_CODE = YES;
				CLANG_WARN__DUPLICATE_METHOD_MATCH = YES;
				COPY_PHASE_STRIP = NO;
				DEBUG_INFORMATION_FORMAT = "dwarf-with-dsym";
				ENABLE_NS_ASSERTIONS = NO;
				ENABLE_STRICT_OBJC_MSGSEND = YES;
				GCC_C_LANGUAGE_STANDARD = gnu11;
				GCC_NO_COMMON_BLOCKS = YES;
				GCC_WARN_64_TO_32_BIT_CONVERSION = YES;
				GCC_WARN_ABOUT_RETURN_TYPE = YES_ERROR;
				GCC_WARN_UNDECLARED_SELECTOR = YES;
				GCC_WARN_UNINITIALIZED_AUTOS = YES_AGGRESSIVE;
				GCC_WARN_UNUSED_FUNCTION = YES;
				GCC_WARN_UNUSED_VARIABLE = YES;
				IPHONEOS_DEPLOYMENT_TARGET = 14.4;
				MTL_ENABLE_DEBUG_INFO = NO;
				MTL_FAST_MATH = YES;
				SDKROOT = iphoneos;
				SWIFT_COMPILATION_MODE = wholemodule;
				SWIFT_OPTIMIZATION_LEVEL = "-O";
				VALIDATE_PRODUCT = YES;
			};
			name = Release;
		};
		CC964A7C25F0F37700753C53 /* Debug */ = {
			isa = XCBuildConfiguration;
			buildSettings = {
				ASSETCATALOG_COMPILER_APPICON_NAME = AppIcon;
				ASSETCATALOG_COMPILER_GLOBAL_ACCENT_COLOR_NAME = AccentColor;
				CODE_SIGN_STYLE = Automatic;
				DEVELOPMENT_ASSET_PATHS = "\"Pokedex/Preview Content\"";
				DEVELOPMENT_TEAM = LBFDDUDAM9;
				ENABLE_PREVIEWS = YES;
				INFOPLIST_FILE = Pokedex/Info.plist;
				IPHONEOS_DEPLOYMENT_TARGET = 14.0;
				LD_RUNPATH_SEARCH_PATHS = (
					"$(inherited)",
					"@executable_path/Frameworks",
				);
				PRODUCT_BUNDLE_IDENTIFIER = com.ming.www.Pokedex;
				PRODUCT_NAME = "$(TARGET_NAME)";
				SWIFT_VERSION = 5.0;
				TARGETED_DEVICE_FAMILY = "1,2";
			};
			name = Debug;
		};
		CC964A7D25F0F37700753C53 /* Release */ = {
			isa = XCBuildConfiguration;
			buildSettings = {
				ASSETCATALOG_COMPILER_APPICON_NAME = AppIcon;
				ASSETCATALOG_COMPILER_GLOBAL_ACCENT_COLOR_NAME = AccentColor;
				CODE_SIGN_STYLE = Automatic;
				DEVELOPMENT_ASSET_PATHS = "\"Pokedex/Preview Content\"";
				DEVELOPMENT_TEAM = LBFDDUDAM9;
				ENABLE_PREVIEWS = YES;
				INFOPLIST_FILE = Pokedex/Info.plist;
				IPHONEOS_DEPLOYMENT_TARGET = 14.0;
				LD_RUNPATH_SEARCH_PATHS = (
					"$(inherited)",
					"@executable_path/Frameworks",
				);
				PRODUCT_BUNDLE_IDENTIFIER = com.ming.www.Pokedex;
				PRODUCT_NAME = "$(TARGET_NAME)";
				SWIFT_VERSION = 5.0;
				TARGETED_DEVICE_FAMILY = "1,2";
			};
			name = Release;
		};
		CC964A7F25F0F37700753C53 /* Debug */ = {
			isa = XCBuildConfiguration;
			buildSettings = {
				ALWAYS_EMBED_SWIFT_STANDARD_LIBRARIES = YES;
				BUNDLE_LOADER = "$(TEST_HOST)";
				CODE_SIGN_STYLE = Automatic;
				DEVELOPMENT_TEAM = LBFDDUDAM9;
				INFOPLIST_FILE = PokedexTests/Info.plist;
				IPHONEOS_DEPLOYMENT_TARGET = 14.0;
				LD_RUNPATH_SEARCH_PATHS = (
					"$(inherited)",
					"@executable_path/Frameworks",
					"@loader_path/Frameworks",
				);
				PRODUCT_BUNDLE_IDENTIFIER = com.ming.www.PokedexTests;
				PRODUCT_NAME = "$(TARGET_NAME)";
				SWIFT_VERSION = 5.0;
				TARGETED_DEVICE_FAMILY = "1,2";
				TEST_HOST = "$(BUILT_PRODUCTS_DIR)/Pokedex.app/Pokedex";
			};
			name = Debug;
		};
		CC964A8025F0F37700753C53 /* Release */ = {
			isa = XCBuildConfiguration;
			buildSettings = {
				ALWAYS_EMBED_SWIFT_STANDARD_LIBRARIES = YES;
				BUNDLE_LOADER = "$(TEST_HOST)";
				CODE_SIGN_STYLE = Automatic;
				DEVELOPMENT_TEAM = LBFDDUDAM9;
				INFOPLIST_FILE = PokedexTests/Info.plist;
				IPHONEOS_DEPLOYMENT_TARGET = 14.0;
				LD_RUNPATH_SEARCH_PATHS = (
					"$(inherited)",
					"@executable_path/Frameworks",
					"@loader_path/Frameworks",
				);
				PRODUCT_BUNDLE_IDENTIFIER = com.ming.www.PokedexTests;
				PRODUCT_NAME = "$(TARGET_NAME)";
				SWIFT_VERSION = 5.0;
				TARGETED_DEVICE_FAMILY = "1,2";
				TEST_HOST = "$(BUILT_PRODUCTS_DIR)/Pokedex.app/Pokedex";
			};
			name = Release;
		};
		CC964A8225F0F37700753C53 /* Debug */ = {
			isa = XCBuildConfiguration;
			buildSettings = {
				ALWAYS_EMBED_SWIFT_STANDARD_LIBRARIES = YES;
				CODE_SIGN_STYLE = Automatic;
				DEVELOPMENT_TEAM = LBFDDUDAM9;
				INFOPLIST_FILE = PokedexUITests/Info.plist;
				LD_RUNPATH_SEARCH_PATHS = (
					"$(inherited)",
					"@executable_path/Frameworks",
					"@loader_path/Frameworks",
				);
				PRODUCT_BUNDLE_IDENTIFIER = com.ming.www.PokedexUITests;
				PRODUCT_NAME = "$(TARGET_NAME)";
				SWIFT_VERSION = 5.0;
				TARGETED_DEVICE_FAMILY = "1,2";
				TEST_TARGET_NAME = Pokedex;
			};
			name = Debug;
		};
		CC964A8325F0F37700753C53 /* Release */ = {
			isa = XCBuildConfiguration;
			buildSettings = {
				ALWAYS_EMBED_SWIFT_STANDARD_LIBRARIES = YES;
				CODE_SIGN_STYLE = Automatic;
				DEVELOPMENT_TEAM = LBFDDUDAM9;
				INFOPLIST_FILE = PokedexUITests/Info.plist;
				LD_RUNPATH_SEARCH_PATHS = (
					"$(inherited)",
					"@executable_path/Frameworks",
					"@loader_path/Frameworks",
				);
				PRODUCT_BUNDLE_IDENTIFIER = com.ming.www.PokedexUITests;
				PRODUCT_NAME = "$(TARGET_NAME)";
				SWIFT_VERSION = 5.0;
				TARGETED_DEVICE_FAMILY = "1,2";
				TEST_TARGET_NAME = Pokedex;
			};
			name = Release;
		};
/* End XCBuildConfiguration section */

/* Begin XCConfigurationList section */
		CC964A5125F0F37400753C53 /* Build configuration list for PBXProject "Pokedex" */ = {
			isa = XCConfigurationList;
			buildConfigurations = (
				CC964A7925F0F37700753C53 /* Debug */,
				CC964A7A25F0F37700753C53 /* Release */,
			);
			defaultConfigurationIsVisible = 0;
			defaultConfigurationName = Release;
		};
		CC964A7B25F0F37700753C53 /* Build configuration list for PBXNativeTarget "Pokedex" */ = {
			isa = XCConfigurationList;
			buildConfigurations = (
				CC964A7C25F0F37700753C53 /* Debug */,
				CC964A7D25F0F37700753C53 /* Release */,
			);
			defaultConfigurationIsVisible = 0;
			defaultConfigurationName = Release;
		};
		CC964A7E25F0F37700753C53 /* Build configuration list for PBXNativeTarget "PokedexTests" */ = {
			isa = XCConfigurationList;
			buildConfigurations = (
				CC964A7F25F0F37700753C53 /* Debug */,
				CC964A8025F0F37700753C53 /* Release */,
			);
			defaultConfigurationIsVisible = 0;
			defaultConfigurationName = Release;
		};
		CC964A8125F0F37700753C53 /* Build configuration list for PBXNativeTarget "PokedexUITests" */ = {
			isa = XCConfigurationList;
			buildConfigurations = (
				CC964A8225F0F37700753C53 /* Debug */,
				CC964A8325F0F37700753C53 /* Release */,
			);
			defaultConfigurationIsVisible = 0;
			defaultConfigurationName = Release;
		};
/* End XCConfigurationList section */
	};
	rootObject = CC964A4E25F0F37400753C53 /* Project object */;
}
