// !$*UTF8*$!
{
	archiveVersion = 1;
	classes = {
	};
	objectVersion = 50;
	objects = {

/* Begin PBXBuildFile section */
		CC40531725B84D390012CE33 /* iDineApp.swift in Sources */ = {isa = PBXBuildFile; fileRef = CC40531625B84D390012CE33 /* iDineApp.swift */; };
		CC40531925B84D390012CE33 /* ContentView.swift in Sources */ = {isa = PBXBuildFile; fileRef = CC40531825B84D390012CE33 /* ContentView.swift */; };
		CC40531B25B84D3F0012CE33 /* Assets.xcassets in Resources */ = {isa = PBXBuildFile; fileRef = CC40531A25B84D3F0012CE33 /* Assets.xcassets */; };
		CC40531E25B84D3F0012CE33 /* Preview Assets.xcassets in Resources */ = {isa = PBXBuildFile; fileRef = CC40531D25B84D3F0012CE33 /* Preview Assets.xcassets */; };
		CC40532925B84D3F0012CE33 /* iDineTests.swift in Sources */ = {isa = PBXBuildFile; fileRef = CC40532825B84D3F0012CE33 /* iDineTests.swift */; };
		CC40533425B84D3F0012CE33 /* iDineUITests.swift in Sources */ = {isa = PBXBuildFile; fileRef = CC40533325B84D3F0012CE33 /* iDineUITests.swift */; };
		CC40534825B84E720012CE33 /* Helper.swift in Sources */ = {isa = PBXBuildFile; fileRef = CC40534725B84E720012CE33 /* Helper.swift */; };
		CC40534E25B84E7B0012CE33 /* Menu.swift in Sources */ = {isa = PBXBuildFile; fileRef = CC40534C25B84E7B0012CE33 /* Menu.swift */; };
		CC40534F25B84E7B0012CE33 /* Order.swift in Sources */ = {isa = PBXBuildFile; fileRef = CC40534D25B84E7B0012CE33 /* Order.swift */; };
		CC40535425B84E880012CE33 /* menu.json in Resources */ = {isa = PBXBuildFile; fileRef = CC40535325B84E880012CE33 /* menu.json */; };
		CCD249AC25BD32C000CA5E25 /* ItemRow.swift in Sources */ = {isa = PBXBuildFile; fileRef = CCD249AB25BD32C000CA5E25 /* ItemRow.swift */; };
/* End PBXBuildFile section */

/* Begin PBXContainerItemProxy section */
		CC40532525B84D3F0012CE33 /* PBXContainerItemProxy */ = {
			isa = PBXContainerItemProxy;
			containerPortal = CC40530B25B84D390012CE33 /* Project object */;
			proxyType = 1;
			remoteGlobalIDString = CC40531225B84D390012CE33;
			remoteInfo = iDine;
		};
		CC40533025B84D3F0012CE33 /* PBXContainerItemProxy */ = {
			isa = PBXContainerItemProxy;
			containerPortal = CC40530B25B84D390012CE33 /* Project object */;
			proxyType = 1;
			remoteGlobalIDString = CC40531225B84D390012CE33;
			remoteInfo = iDine;
		};
/* End PBXContainerItemProxy section */

/* Begin PBXFileReference section */
		CC40531325B84D390012CE33 /* iDine.app */ = {isa = PBXFileReference; explicitFileType = wrapper.application; includeInIndex = 0; path = iDine.app; sourceTree = BUILT_PRODUCTS_DIR; };
		CC40531625B84D390012CE33 /* iDineApp.swift */ = {isa = PBXFileReference; lastKnownFileType = sourcecode.swift; path = iDineApp.swift; sourceTree = "<group>"; };
		CC40531825B84D390012CE33 /* ContentView.swift */ = {isa = PBXFileReference; lastKnownFileType = sourcecode.swift; path = ContentView.swift; sourceTree = "<group>"; };
		CC40531A25B84D3F0012CE33 /* Assets.xcassets */ = {isa = PBXFileReference; lastKnownFileType = folder.assetcatalog; path = Assets.xcassets; sourceTree = "<group>"; };
		CC40531D25B84D3F0012CE33 /* Preview Assets.xcassets */ = {isa = PBXFileReference; lastKnownFileType = folder.assetcatalog; path = "Preview Assets.xcassets"; sourceTree = "<group>"; };
		CC40531F25B84D3F0012CE33 /* Info.plist */ = {isa = PBXFileReference; lastKnownFileType = text.plist.xml; path = Info.plist; sourceTree = "<group>"; };
		CC40532425B84D3F0012CE33 /* iDineTests.xctest */ = {isa = PBXFileReference; explicitFileType = wrapper.cfbundle; includeInIndex = 0; path = iDineTests.xctest; sourceTree = BUILT_PRODUCTS_DIR; };
		CC40532825B84D3F0012CE33 /* iDineTests.swift */ = {isa = PBXFileReference; lastKnownFileType = sourcecode.swift; path = iDineTests.swift; sourceTree = "<group>"; };
		CC40532A25B84D3F0012CE33 /* Info.plist */ = {isa = PBXFileReference; lastKnownFileType = text.plist.xml; path = Info.plist; sourceTree = "<group>"; };
		CC40532F25B84D3F0012CE33 /* iDineUITests.xctest */ = {isa = PBXFileReference; explicitFileType = wrapper.cfbundle; includeInIndex = 0; path = iDineUITests.xctest; sourceTree = BUILT_PRODUCTS_DIR; };
		CC40533325B84D3F0012CE33 /* iDineUITests.swift */ = {isa = PBXFileReference; lastKnownFileType = sourcecode.swift; path = iDineUITests.swift; sourceTree = "<group>"; };
		CC40533525B84D3F0012CE33 /* Info.plist */ = {isa = PBXFileReference; lastKnownFileType = text.plist.xml; path = Info.plist; sourceTree = "<group>"; };
		CC40534725B84E720012CE33 /* Helper.swift */ = {isa = PBXFileReference; fileEncoding = 4; lastKnownFileType = sourcecode.swift; path = Helper.swift; sourceTree = "<group>"; };
		CC40534C25B84E7B0012CE33 /* Menu.swift */ = {isa = PBXFileReference; fileEncoding = 4; lastKnownFileType = sourcecode.swift; path = Menu.swift; sourceTree = "<group>"; };
		CC40534D25B84E7B0012CE33 /* Order.swift */ = {isa = PBXFileReference; fileEncoding = 4; lastKnownFileType = sourcecode.swift; path = Order.swift; sourceTree = "<group>"; };
		CC40535325B84E880012CE33 /* menu.json */ = {isa = PBXFileReference; fileEncoding = 4; lastKnownFileType = text.json; path = menu.json; sourceTree = "<group>"; };
		CCD249AB25BD32C000CA5E25 /* ItemRow.swift */ = {isa = PBXFileReference; lastKnownFileType = sourcecode.swift; path = ItemRow.swift; sourceTree = "<group>"; };
/* End PBXFileReference section */

/* Begin PBXFrameworksBuildPhase section */
		CC40531025B84D390012CE33 /* Frameworks */ = {
			isa = PBXFrameworksBuildPhase;
			buildActionMask = 2147483647;
			files = (
			);
			runOnlyForDeploymentPostprocessing = 0;
		};
		CC40532125B84D3F0012CE33 /* Frameworks */ = {
			isa = PBXFrameworksBuildPhase;
			buildActionMask = 2147483647;
			files = (
			);
			runOnlyForDeploymentPostprocessing = 0;
		};
		CC40532C25B84D3F0012CE33 /* Frameworks */ = {
			isa = PBXFrameworksBuildPhase;
			buildActionMask = 2147483647;
			files = (
			);
			runOnlyForDeploymentPostprocessing = 0;
		};
/* End PBXFrameworksBuildPhase section */

/* Begin PBXGroup section */
		CC40530A25B84D390012CE33 = {
			isa = PBXGroup;
			children = (
				CC40531525B84D390012CE33 /* iDine */,
				CC40532725B84D3F0012CE33 /* iDineTests */,
				CC40533225B84D3F0012CE33 /* iDineUITests */,
				CC40531425B84D390012CE33 /* Products */,
			);
			sourceTree = "<group>";
		};
		CC40531425B84D390012CE33 /* Products */ = {
			isa = PBXGroup;
			children = (
				CC40531325B84D390012CE33 /* iDine.app */,
				CC40532425B84D3F0012CE33 /* iDineTests.xctest */,
				CC40532F25B84D3F0012CE33 /* iDineUITests.xctest */,
			);
			name = Products;
			sourceTree = "<group>";
		};
		CC40531525B84D390012CE33 /* iDine */ = {
			isa = PBXGroup;
			children = (
				CC40535325B84E880012CE33 /* menu.json */,
				CC40534C25B84E7B0012CE33 /* Menu.swift */,
				CC40534D25B84E7B0012CE33 /* Order.swift */,
				CC40534725B84E720012CE33 /* Helper.swift */,
				CC40531625B84D390012CE33 /* iDineApp.swift */,
				CC40531825B84D390012CE33 /* ContentView.swift */,
				CCD249AB25BD32C000CA5E25 /* ItemRow.swift */,
				CC40531A25B84D3F0012CE33 /* Assets.xcassets */,
				CC40531F25B84D3F0012CE33 /* Info.plist */,
				CC40531C25B84D3F0012CE33 /* Preview Content */,
			);
			path = iDine;
			sourceTree = "<group>";
		};
		CC40531C25B84D3F0012CE33 /* Preview Content */ = {
			isa = PBXGroup;
			children = (
				CC40531D25B84D3F0012CE33 /* Preview Assets.xcassets */,
			);
			path = "Preview Content";
			sourceTree = "<group>";
		};
		CC40532725B84D3F0012CE33 /* iDineTests */ = {
			isa = PBXGroup;
			children = (
				CC40532825B84D3F0012CE33 /* iDineTests.swift */,
				CC40532A25B84D3F0012CE33 /* Info.plist */,
			);
			path = iDineTests;
			sourceTree = "<group>";
		};
		CC40533225B84D3F0012CE33 /* iDineUITests */ = {
			isa = PBXGroup;
			children = (
				CC40533325B84D3F0012CE33 /* iDineUITests.swift */,
				CC40533525B84D3F0012CE33 /* Info.plist */,
			);
			path = iDineUITests;
			sourceTree = "<group>";
		};
/* End PBXGroup section */

/* Begin PBXNativeTarget section */
		CC40531225B84D390012CE33 /* iDine */ = {
			isa = PBXNativeTarget;
			buildConfigurationList = CC40533825B84D3F0012CE33 /* Build configuration list for PBXNativeTarget "iDine" */;
			buildPhases = (
				CC40530F25B84D390012CE33 /* Sources */,
				CC40531025B84D390012CE33 /* Frameworks */,
				CC40531125B84D390012CE33 /* Resources */,
			);
			buildRules = (
			);
			dependencies = (
			);
			name = iDine;
			productName = iDine;
			productReference = CC40531325B84D390012CE33 /* iDine.app */;
			productType = "com.apple.product-type.application";
		};
		CC40532325B84D3F0012CE33 /* iDineTests */ = {
			isa = PBXNativeTarget;
			buildConfigurationList = CC40533B25B84D3F0012CE33 /* Build configuration list for PBXNativeTarget "iDineTests" */;
			buildPhases = (
				CC40532025B84D3F0012CE33 /* Sources */,
				CC40532125B84D3F0012CE33 /* Frameworks */,
				CC40532225B84D3F0012CE33 /* Resources */,
			);
			buildRules = (
			);
			dependencies = (
				CC40532625B84D3F0012CE33 /* PBXTargetDependency */,
			);
			name = iDineTests;
			productName = iDineTests;
			productReference = CC40532425B84D3F0012CE33 /* iDineTests.xctest */;
			productType = "com.apple.product-type.bundle.unit-test";
		};
		CC40532E25B84D3F0012CE33 /* iDineUITests */ = {
			isa = PBXNativeTarget;
			buildConfigurationList = CC40533E25B84D3F0012CE33 /* Build configuration list for PBXNativeTarget "iDineUITests" */;
			buildPhases = (
				CC40532B25B84D3F0012CE33 /* Sources */,
				CC40532C25B84D3F0012CE33 /* Frameworks */,
				CC40532D25B84D3F0012CE33 /* Resources */,
			);
			buildRules = (
			);
			dependencies = (
				CC40533125B84D3F0012CE33 /* PBXTargetDependency */,
			);
			name = iDineUITests;
			productName = iDineUITests;
			productReference = CC40532F25B84D3F0012CE33 /* iDineUITests.xctest */;
			productType = "com.apple.product-type.bundle.ui-testing";
		};
/* End PBXNativeTarget section */

/* Begin PBXProject section */
		CC40530B25B84D390012CE33 /* Project object */ = {
			isa = PBXProject;
			attributes = {
				LastSwiftUpdateCheck = 1230;
				LastUpgradeCheck = 1230;
				TargetAttributes = {
					CC40531225B84D390012CE33 = {
						CreatedOnToolsVersion = 12.3;
					};
					CC40532325B84D3F0012CE33 = {
						CreatedOnToolsVersion = 12.3;
						TestTargetID = CC40531225B84D390012CE33;
					};
					CC40532E25B84D3F0012CE33 = {
						CreatedOnToolsVersion = 12.3;
						TestTargetID = CC40531225B84D390012CE33;
					};
				};
			};
			buildConfigurationList = CC40530E25B84D390012CE33 /* Build configuration list for PBXProject "iDine" */;
			compatibilityVersion = "Xcode 9.3";
			developmentRegion = en;
			hasScannedForEncodings = 0;
			knownRegions = (
				en,
				Base,
			);
			mainGroup = CC40530A25B84D390012CE33;
			productRefGroup = CC40531425B84D390012CE33 /* Products */;
			projectDirPath = "";
			projectRoot = "";
			targets = (
				CC40531225B84D390012CE33 /* iDine */,
				CC40532325B84D3F0012CE33 /* iDineTests */,
				CC40532E25B84D3F0012CE33 /* iDineUITests */,
			);
		};
/* End PBXProject section */

/* Begin PBXResourcesBuildPhase section */
		CC40531125B84D390012CE33 /* Resources */ = {
			isa = PBXResourcesBuildPhase;
			buildActionMask = 2147483647;
			files = (
				CC40535425B84E880012CE33 /* menu.json in Resources */,
				CC40531E25B84D3F0012CE33 /* Preview Assets.xcassets in Resources */,
				CC40531B25B84D3F0012CE33 /* Assets.xcassets in Resources */,
			);
			runOnlyForDeploymentPostprocessing = 0;
		};
		CC40532225B84D3F0012CE33 /* Resources */ = {
			isa = PBXResourcesBuildPhase;
			buildActionMask = 2147483647;
			files = (
			);
			runOnlyForDeploymentPostprocessing = 0;
		};
		CC40532D25B84D3F0012CE33 /* Resources */ = {
			isa = PBXResourcesBuildPhase;
			buildActionMask = 2147483647;
			files = (
			);
			runOnlyForDeploymentPostprocessing = 0;
		};
/* End PBXResourcesBuildPhase section */

/* Begin PBXSourcesBuildPhase section */
		CC40530F25B84D390012CE33 /* Sources */ = {
			isa = PBXSourcesBuildPhase;
			buildActionMask = 2147483647;
			files = (
				CC40531925B84D390012CE33 /* ContentView.swift in Sources */,
				CC40531725B84D390012CE33 /* iDineApp.swift in Sources */,
				CC40534F25B84E7B0012CE33 /* Order.swift in Sources */,
				CCD249AC25BD32C000CA5E25 /* ItemRow.swift in Sources */,
				CC40534E25B84E7B0012CE33 /* Menu.swift in Sources */,
				CC40534825B84E720012CE33 /* Helper.swift in Sources */,
			);
			runOnlyForDeploymentPostprocessing = 0;
		};
		CC40532025B84D3F0012CE33 /* Sources */ = {
			isa = PBXSourcesBuildPhase;
			buildActionMask = 2147483647;
			files = (
				CC40532925B84D3F0012CE33 /* iDineTests.swift in Sources */,
			);
			runOnlyForDeploymentPostprocessing = 0;
		};
		CC40532B25B84D3F0012CE33 /* Sources */ = {
			isa = PBXSourcesBuildPhase;
			buildActionMask = 2147483647;
			files = (
				CC40533425B84D3F0012CE33 /* iDineUITests.swift in Sources */,
			);
			runOnlyForDeploymentPostprocessing = 0;
		};
/* End PBXSourcesBuildPhase section */

/* Begin PBXTargetDependency section */
		CC40532625B84D3F0012CE33 /* PBXTargetDependency */ = {
			isa = PBXTargetDependency;
			target = CC40531225B84D390012CE33 /* iDine */;
			targetProxy = CC40532525B84D3F0012CE33 /* PBXContainerItemProxy */;
		};
		CC40533125B84D3F0012CE33 /* PBXTargetDependency */ = {
			isa = PBXTargetDependency;
			target = CC40531225B84D390012CE33 /* iDine */;
			targetProxy = CC40533025B84D3F0012CE33 /* PBXContainerItemProxy */;
		};
/* End PBXTargetDependency section */

/* Begin XCBuildConfiguration section */
		CC40533625B84D3F0012CE33 /* Debug */ = {
			isa = XCBuildConfiguration;
			buildSettings = {
				ALWAYS_SEARCH_USER_PATHS = NO;
				CLANG_ANALYZER_NONNULL = YES;
				CLANG_ANALYZER_NUMBER_OBJECT_CONVERSION = YES_AGGRESSIVE;
				CLANG_CXX_LANGUAGE_STANDARD = "gnu++14";
				CLANG_CXX_LIBRARY = "libc++";
				CLANG_ENABLE_MODULES = YES;
				CLANG_ENABLE_OBJC_ARC = YES;
				CLANG_ENABLE_OBJC_WEAK = YES;
				CLANG_WARN_BLOCK_CAPTURE_AUTORELEASING = YES;
				CLANG_WARN_BOOL_CONVERSION = YES;
				CLANG_WARN_COMMA = YES;
				CLANG_WARN_CONSTANT_CONVERSION = YES;
				CLANG_WARN_DEPRECATED_OBJC_IMPLEMENTATIONS = YES;
				CLANG_WARN_DIRECT_OBJC_ISA_USAGE = YES_ERROR;
				CLANG_WARN_DOCUMENTATION_COMMENTS = YES;
				CLANG_WARN_EMPTY_BODY = YES;
				CLANG_WARN_ENUM_CONVERSION = YES;
				CLANG_WARN_INFINITE_RECURSION = YES;
				CLANG_WARN_INT_CONVERSION = YES;
				CLANG_WARN_NON_LITERAL_NULL_CONVERSION = YES;
				CLANG_WARN_OBJC_IMPLICIT_RETAIN_SELF = YES;
				CLANG_WARN_OBJC_LITERAL_CONVERSION = YES;
				CLANG_WARN_OBJC_ROOT_CLASS = YES_ERROR;
				CLANG_WARN_QUOTED_INCLUDE_IN_FRAMEWORK_HEADER = YES;
				CLANG_WARN_RANGE_LOOP_ANALYSIS = YES;
				CLANG_WARN_STRICT_PROTOTYPES = YES;
				CLANG_WARN_SUSPICIOUS_MOVE = YES;
				CLANG_WARN_UNGUARDED_AVAILABILITY = YES_AGGRESSIVE;
				CLANG_WARN_UNREACHABLE_CODE = YES;
				CLANG_WARN__DUPLICATE_METHOD_MATCH = YES;
				COPY_PHASE_STRIP = NO;
				DEBUG_INFORMATION_FORMAT = dwarf;
				ENABLE_STRICT_OBJC_MSGSEND = YES;
				ENABLE_TESTABILITY = YES;
				GCC_C_LANGUAGE_STANDARD = gnu11;
				GCC_DYNAMIC_NO_PIC = NO;
				GCC_NO_COMMON_BLOCKS = YES;
				GCC_OPTIMIZATION_LEVEL = 0;
				GCC_PREPROCESSOR_DEFINITIONS = (
					"DEBUG=1",
					"$(inherited)",
				);
				GCC_WARN_64_TO_32_BIT_CONVERSION = YES;
				GCC_WARN_ABOUT_RETURN_TYPE = YES_ERROR;
				GCC_WARN_UNDECLARED_SELECTOR = YES;
				GCC_WARN_UNINITIALIZED_AUTOS = YES_AGGRESSIVE;
				GCC_WARN_UNUSED_FUNCTION = YES;
				GCC_WARN_UNUSED_VARIABLE = YES;
				IPHONEOS_DEPLOYMENT_TARGET = 14.3;
				MTL_ENABLE_DEBUG_INFO = INCLUDE_SOURCE;
				MTL_FAST_MATH = YES;
				ONLY_ACTIVE_ARCH = YES;
				SDKROOT = iphoneos;
				SWIFT_ACTIVE_COMPILATION_CONDITIONS = DEBUG;
				SWIFT_OPTIMIZATION_LEVEL = "-Onone";
			};
			name = Debug;
		};
		CC40533725B84D3F0012CE33 /* Release */ = {
			isa = XCBuildConfiguration;
			buildSettings = {
				ALWAYS_SEARCH_USER_PATHS = NO;
				CLANG_ANALYZER_NONNULL = YES;
				CLANG_ANALYZER_NUMBER_OBJECT_CONVERSION = YES_AGGRESSIVE;
				CLANG_CXX_LANGUAGE_STANDARD = "gnu++14";
				CLANG_CXX_LIBRARY = "libc++";
				CLANG_ENABLE_MODULES = YES;
				CLANG_ENABLE_OBJC_ARC = YES;
				CLANG_ENABLE_OBJC_WEAK = YES;
				CLANG_WARN_BLOCK_CAPTURE_AUTORELEASING = YES;
				CLANG_WARN_BOOL_CONVERSION = YES;
				CLANG_WARN_COMMA = YES;
				CLANG_WARN_CONSTANT_CONVERSION = YES;
				CLANG_WARN_DEPRECATED_OBJC_IMPLEMENTATIONS = YES;
				CLANG_WARN_DIRECT_OBJC_ISA_USAGE = YES_ERROR;
				CLANG_WARN_DOCUMENTATION_COMMENTS = YES;
				CLANG_WARN_EMPTY_BODY = YES;
				CLANG_WARN_ENUM_CONVERSION = YES;
				CLANG_WARN_INFINITE_RECURSION = YES;
				CLANG_WARN_INT_CONVERSION = YES;
				CLANG_WARN_NON_LITERAL_NULL_CONVERSION = YES;
				CLANG_WARN_OBJC_IMPLICIT_RETAIN_SELF = YES;
				CLANG_WARN_OBJC_LITERAL_CONVERSION = YES;
				CLANG_WARN_OBJC_ROOT_CLASS = YES_ERROR;
				CLANG_WARN_QUOTED_INCLUDE_IN_FRAMEWORK_HEADER = YES;
				CLANG_WARN_RANGE_LOOP_ANALYSIS = YES;
				CLANG_WARN_STRICT_PROTOTYPES = YES;
				CLANG_WARN_SUSPICIOUS_MOVE = YES;
				CLANG_WARN_UNGUARDED_AVAILABILITY = YES_AGGRESSIVE;
				CLANG_WARN_UNREACHABLE_CODE = YES;
				CLANG_WARN__DUPLICATE_METHOD_MATCH = YES;
				COPY_PHASE_STRIP = NO;
				DEBUG_INFORMATION_FORMAT = "dwarf-with-dsym";
				ENABLE_NS_ASSERTIONS = NO;
				ENABLE_STRICT_OBJC_MSGSEND = YES;
				GCC_C_LANGUAGE_STANDARD = gnu11;
				GCC_NO_COMMON_BLOCKS = YES;
				GCC_WARN_64_TO_32_BIT_CONVERSION = YES;
				GCC_WARN_ABOUT_RETURN_TYPE = YES_ERROR;
				GCC_WARN_UNDECLARED_SELECTOR = YES;
				GCC_WARN_UNINITIALIZED_AUTOS = YES_AGGRESSIVE;
				GCC_WARN_UNUSED_FUNCTION = YES;
				GCC_WARN_UNUSED_VARIABLE = YES;
				IPHONEOS_DEPLOYMENT_TARGET = 14.3;
				MTL_ENABLE_DEBUG_INFO = NO;
				MTL_FAST_MATH = YES;
				SDKROOT = iphoneos;
				SWIFT_COMPILATION_MODE = wholemodule;
				SWIFT_OPTIMIZATION_LEVEL = "-O";
				VALIDATE_PRODUCT = YES;
			};
			name = Release;
		};
		CC40533925B84D3F0012CE33 /* Debug */ = {
			isa = XCBuildConfiguration;
			buildSettings = {
				ASSETCATALOG_COMPILER_APPICON_NAME = AppIcon;
				ASSETCATALOG_COMPILER_GLOBAL_ACCENT_COLOR_NAME = AccentColor;
				CODE_SIGN_STYLE = Automatic;
				DEVELOPMENT_ASSET_PATHS = "\"iDine/Preview Content\"";
				ENABLE_PREVIEWS = YES;
				INFOPLIST_FILE = iDine/Info.plist;
				IPHONEOS_DEPLOYMENT_TARGET = 14.0;
				LD_RUNPATH_SEARCH_PATHS = (
					"$(inherited)",
					"@executable_path/Frameworks",
				);
				PRODUCT_BUNDLE_IDENTIFIER = ming.iDine;
				PRODUCT_NAME = "$(TARGET_NAME)";
				SWIFT_VERSION = 5.0;
				TARGETED_DEVICE_FAMILY = "1,2";
			};
			name = Debug;
		};
		CC40533A25B84D3F0012CE33 /* Release */ = {
			isa = XCBuildConfiguration;
			buildSettings = {
				ASSETCATALOG_COMPILER_APPICON_NAME = AppIcon;
				ASSETCATALOG_COMPILER_GLOBAL_ACCENT_COLOR_NAME = AccentColor;
				CODE_SIGN_STYLE = Automatic;
				DEVELOPMENT_ASSET_PATHS = "\"iDine/Preview Content\"";
				ENABLE_PREVIEWS = YES;
				INFOPLIST_FILE = iDine/Info.plist;
				IPHONEOS_DEPLOYMENT_TARGET = 14.0;
				LD_RUNPATH_SEARCH_PATHS = (
					"$(inherited)",
					"@executable_path/Frameworks",
				);
				PRODUCT_BUNDLE_IDENTIFIER = ming.iDine;
				PRODUCT_NAME = "$(TARGET_NAME)";
				SWIFT_VERSION = 5.0;
				TARGETED_DEVICE_FAMILY = "1,2";
			};
			name = Release;
		};
		CC40533C25B84D3F0012CE33 /* Debug */ = {
			isa = XCBuildConfiguration;
			buildSettings = {
				ALWAYS_EMBED_SWIFT_STANDARD_LIBRARIES = YES;
				BUNDLE_LOADER = "$(TEST_HOST)";
				CODE_SIGN_STYLE = Automatic;
				INFOPLIST_FILE = iDineTests/Info.plist;
				IPHONEOS_DEPLOYMENT_TARGET = 14.0;
				LD_RUNPATH_SEARCH_PATHS = (
					"$(inherited)",
					"@executable_path/Frameworks",
					"@loader_path/Frameworks",
				);
				PRODUCT_BUNDLE_IDENTIFIER = ming.iDineTests;
				PRODUCT_NAME = "$(TARGET_NAME)";
				SWIFT_VERSION = 5.0;
				TARGETED_DEVICE_FAMILY = "1,2";
				TEST_HOST = "$(BUILT_PRODUCTS_DIR)/iDine.app/iDine";
			};
			name = Debug;
		};
		CC40533D25B84D3F0012CE33 /* Release */ = {
			isa = XCBuildConfiguration;
			buildSettings = {
				ALWAYS_EMBED_SWIFT_STANDARD_LIBRARIES = YES;
				BUNDLE_LOADER = "$(TEST_HOST)";
				CODE_SIGN_STYLE = Automatic;
				INFOPLIST_FILE = iDineTests/Info.plist;
				IPHONEOS_DEPLOYMENT_TARGET = 14.0;
				LD_RUNPATH_SEARCH_PATHS = (
					"$(inherited)",
					"@executable_path/Frameworks",
					"@loader_path/Frameworks",
				);
				PRODUCT_BUNDLE_IDENTIFIER = ming.iDineTests;
				PRODUCT_NAME = "$(TARGET_NAME)";
				SWIFT_VERSION = 5.0;
				TARGETED_DEVICE_FAMILY = "1,2";
				TEST_HOST = "$(BUILT_PRODUCTS_DIR)/iDine.app/iDine";
			};
			name = Release;
		};
		CC40533F25B84D3F0012CE33 /* Debug */ = {
			isa = XCBuildConfiguration;
			buildSettings = {
				ALWAYS_EMBED_SWIFT_STANDARD_LIBRARIES = YES;
				CODE_SIGN_STYLE = Automatic;
				INFOPLIST_FILE = iDineUITests/Info.plist;
				LD_RUNPATH_SEARCH_PATHS = (
					"$(inherited)",
					"@executable_path/Frameworks",
					"@loader_path/Frameworks",
				);
				PRODUCT_BUNDLE_IDENTIFIER = ming.iDineUITests;
				PRODUCT_NAME = "$(TARGET_NAME)";
				SWIFT_VERSION = 5.0;
				TARGETED_DEVICE_FAMILY = "1,2";
				TEST_TARGET_NAME = iDine;
			};
			name = Debug;
		};
		CC40534025B84D3F0012CE33 /* Release */ = {
			isa = XCBuildConfiguration;
			buildSettings = {
				ALWAYS_EMBED_SWIFT_STANDARD_LIBRARIES = YES;
				CODE_SIGN_STYLE = Automatic;
				INFOPLIST_FILE = iDineUITests/Info.plist;
				LD_RUNPATH_SEARCH_PATHS = (
					"$(inherited)",
					"@executable_path/Frameworks",
					"@loader_path/Frameworks",
				);
				PRODUCT_BUNDLE_IDENTIFIER = ming.iDineUITests;
				PRODUCT_NAME = "$(TARGET_NAME)";
				SWIFT_VERSION = 5.0;
				TARGETED_DEVICE_FAMILY = "1,2";
				TEST_TARGET_NAME = iDine;
			};
			name = Release;
		};
/* End XCBuildConfiguration section */

/* Begin XCConfigurationList section */
		CC40530E25B84D390012CE33 /* Build configuration list for PBXProject "iDine" */ = {
			isa = XCConfigurationList;
			buildConfigurations = (
				CC40533625B84D3F0012CE33 /* Debug */,
				CC40533725B84D3F0012CE33 /* Release */,
			);
			defaultConfigurationIsVisible = 0;
			defaultConfigurationName = Release;
		};
		CC40533825B84D3F0012CE33 /* Build configuration list for PBXNativeTarget "iDine" */ = {
			isa = XCConfigurationList;
			buildConfigurations = (
				CC40533925B84D3F0012CE33 /* Debug */,
				CC40533A25B84D3F0012CE33 /* Release */,
			);
			defaultConfigurationIsVisible = 0;
			defaultConfigurationName = Release;
		};
		CC40533B25B84D3F0012CE33 /* Build configuration list for PBXNativeTarget "iDineTests" */ = {
			isa = XCConfigurationList;
			buildConfigurations = (
				CC40533C25B84D3F0012CE33 /* Debug */,
				CC40533D25B84D3F0012CE33 /* Release */,
			);
			defaultConfigurationIsVisible = 0;
			defaultConfigurationName = Release;
		};
		CC40533E25B84D3F0012CE33 /* Build configuration list for PBXNativeTarget "iDineUITests" */ = {
			isa = XCConfigurationList;
			buildConfigurations = (
				CC40533F25B84D3F0012CE33 /* Debug */,
				CC40534025B84D3F0012CE33 /* Release */,
			);
			defaultConfigurationIsVisible = 0;
			defaultConfigurationName = Release;
		};
/* End XCConfigurationList section */
	};
	rootObject = CC40530B25B84D390012CE33 /* Project object */;
}
